// !$*UTF8*$!
{
	archiveVersion = 1;
	classes = {
	};
	objectVersion = 56;
	objects = {

/* Begin PBXBuildFile section */
		20212F3C29A5BF0D000000F5 /* HTTPClient.swift in Sources */ = {isa = PBXBuildFile; fileRef = 20212F3B29A5BF0D000000F5 /* HTTPClient.swift */; };
		20212F3E29A5BF4B000000F5 /* URLSessionHTTPClientTests.swift in Sources */ = {isa = PBXBuildFile; fileRef = 20212F3D29A5BF4B000000F5 /* URLSessionHTTPClientTests.swift */; };
		20212F4029A5BF6E000000F5 /* URLProtocolStub.swift in Sources */ = {isa = PBXBuildFile; fileRef = 20212F3F29A5BF6E000000F5 /* URLProtocolStub.swift */; };
		20212F4229A5BFA5000000F5 /* XCTestCase+Extension.swift in Sources */ = {isa = PBXBuildFile; fileRef = 20212F4129A5BFA5000000F5 /* XCTestCase+Extension.swift */; };
		20212F4429A5BFF1000000F5 /* URLSessionHTTPClient.swift in Sources */ = {isa = PBXBuildFile; fileRef = 20212F4329A5BFF1000000F5 /* URLSessionHTTPClient.swift */; };
		20212F4A29A5C3B7000000F5 /* GamesLoader.swift in Sources */ = {isa = PBXBuildFile; fileRef = 20212F4929A5C3B7000000F5 /* GamesLoader.swift */; };
		20212F4C29A5C430000000F5 /* GameItem.swift in Sources */ = {isa = PBXBuildFile; fileRef = 20212F4B29A5C430000000F5 /* GameItem.swift */; };
		20212F5129A5C77D000000F5 /* GamesEndpointTests.swift in Sources */ = {isa = PBXBuildFile; fileRef = 20212F5029A5C77D000000F5 /* GamesEndpointTests.swift */; };
		20212F5429A5CBE0000000F5 /* GamesEndpoint.swift in Sources */ = {isa = PBXBuildFile; fileRef = 20212F5329A5CBE0000000F5 /* GamesEndpoint.swift */; };
		20212F5629A5CC51000000F5 /* GamesItemsMapperTests.swift in Sources */ = {isa = PBXBuildFile; fileRef = 20212F5529A5CC51000000F5 /* GamesItemsMapperTests.swift */; };
		20212F5A29A5D168000000F5 /* SharedTestHelpers.swift in Sources */ = {isa = PBXBuildFile; fileRef = 20212F5929A5D168000000F5 /* SharedTestHelpers.swift */; };
		20212F5C29A5D3F4000000F5 /* GamesItemsMapper.swift in Sources */ = {isa = PBXBuildFile; fileRef = 20212F5B29A5D3F4000000F5 /* GamesItemsMapper.swift */; };
		20212F5E29A5D4CC000000F5 /* LoadGamesFromRemoteUseCaseTests.swift in Sources */ = {isa = PBXBuildFile; fileRef = 20212F5D29A5D4CC000000F5 /* LoadGamesFromRemoteUseCaseTests.swift */; };
		20212F6129A5D8B8000000F5 /* HTTPClientSpy.swift in Sources */ = {isa = PBXBuildFile; fileRef = 20212F6029A5D8B8000000F5 /* HTTPClientSpy.swift */; };
		20212F6829A5F85A000000F5 /* RemoteGamesLoader.swift in Sources */ = {isa = PBXBuildFile; fileRef = 20212F6729A5F85A000000F5 /* RemoteGamesLoader.swift */; };
		20212F6C29A5FADF000000F5 /* GameDetailLoader.swift in Sources */ = {isa = PBXBuildFile; fileRef = 20212F6B29A5FADF000000F5 /* GameDetailLoader.swift */; };
		20212F6E29A5FAE9000000F5 /* GameDetailItem.swift in Sources */ = {isa = PBXBuildFile; fileRef = 20212F6D29A5FAE9000000F5 /* GameDetailItem.swift */; };
		20212F7229A5FD88000000F5 /* GameDetailEndpoint.swift in Sources */ = {isa = PBXBuildFile; fileRef = 20212F7129A5FD88000000F5 /* GameDetailEndpoint.swift */; };
		20212F7529A5FDE7000000F5 /* GameDetailEndpointTests.swift in Sources */ = {isa = PBXBuildFile; fileRef = 20212F7429A5FDE7000000F5 /* GameDetailEndpointTests.swift */; };
		20212F7729A5FEBA000000F5 /* GameDetailItemsMapper.swift in Sources */ = {isa = PBXBuildFile; fileRef = 20212F7629A5FEBA000000F5 /* GameDetailItemsMapper.swift */; };
		20212F7929A601C1000000F5 /* GameDetailItemMapperTests.swift in Sources */ = {isa = PBXBuildFile; fileRef = 20212F7829A601C1000000F5 /* GameDetailItemMapperTests.swift */; };
		20212F7B29A606E5000000F5 /* RemoteGameDetailLoader.swift in Sources */ = {isa = PBXBuildFile; fileRef = 20212F7A29A606E5000000F5 /* RemoteGameDetailLoader.swift */; };
		20212F7D29A60FAE000000F5 /* LoadGamesDetailFromRemoteUseCaseTests.swift in Sources */ = {isa = PBXBuildFile; fileRef = 20212F7C29A60FAE000000F5 /* LoadGamesDetailFromRemoteUseCaseTests.swift */; };
		20212F8029A615CD000000F5 /* GameDetailCache.swift in Sources */ = {isa = PBXBuildFile; fileRef = 20212F7F29A615CD000000F5 /* GameDetailCache.swift */; };
		20212F8229A61953000000F5 /* LocalGameDetailLoader.swift in Sources */ = {isa = PBXBuildFile; fileRef = 20212F8129A61953000000F5 /* LocalGameDetailLoader.swift */; };
		20212F8429A6406B000000F5 /* GameDetailStore.swift in Sources */ = {isa = PBXBuildFile; fileRef = 20212F8329A6406B000000F5 /* GameDetailStore.swift */; };
		20212F8729A64FF8000000F5 /* LoadGameDetailFromCacheUseCaseTests.swift in Sources */ = {isa = PBXBuildFile; fileRef = 20212F8629A64FF8000000F5 /* LoadGameDetailFromCacheUseCaseTests.swift */; };
		20212F8929A650E2000000F5 /* GameDetailStoreSpy.swift in Sources */ = {isa = PBXBuildFile; fileRef = 20212F8829A650E2000000F5 /* GameDetailStoreSpy.swift */; };
		20212F8D29A6CE53000000F5 /* GameDetail.xcdatamodeld in Sources */ = {isa = PBXBuildFile; fileRef = 20212F8B29A6CE53000000F5 /* GameDetail.xcdatamodeld */; };
		20212F8F29A6CFEF000000F5 /* CoreDataGameDetailStore.swift in Sources */ = {isa = PBXBuildFile; fileRef = 20212F8E29A6CFEF000000F5 /* CoreDataGameDetailStore.swift */; };
		20212F9129A6D021000000F5 /* CoreDataHelpers.swift in Sources */ = {isa = PBXBuildFile; fileRef = 20212F9029A6D021000000F5 /* CoreDataHelpers.swift */; };
		20212F9329A6D078000000F5 /* CDGameDetail.swift in Sources */ = {isa = PBXBuildFile; fileRef = 20212F9229A6D078000000F5 /* CDGameDetail.swift */; };
		20212F9629A6D2F7000000F5 /* CoreDataGameDetailStoreTests.swift in Sources */ = {isa = PBXBuildFile; fileRef = 20212F9529A6D2F7000000F5 /* CoreDataGameDetailStoreTests.swift */; };
		20212F9B29A6EF4F000000F5 /* AllGamesDetailLoader.swift in Sources */ = {isa = PBXBuildFile; fileRef = 20212F9A29A6EF4F000000F5 /* AllGamesDetailLoader.swift */; };
		20212F9E29A6F39A000000F5 /* ImageDataLoader.swift in Sources */ = {isa = PBXBuildFile; fileRef = 20212F9D29A6F39A000000F5 /* ImageDataLoader.swift */; };
		20212FA029A6F3B1000000F5 /* LocalImageData.swift in Sources */ = {isa = PBXBuildFile; fileRef = 20212F9F29A6F3B1000000F5 /* LocalImageData.swift */; };
		20212FA229A6F3CE000000F5 /* ImageDataCache.swift in Sources */ = {isa = PBXBuildFile; fileRef = 20212FA129A6F3CE000000F5 /* ImageDataCache.swift */; };
		2026491329A6FA7400347CB5 /* RemoteImageDataLoader.swift in Sources */ = {isa = PBXBuildFile; fileRef = 2026491229A6FA7400347CB5 /* RemoteImageDataLoader.swift */; };
		2026491629A6FABB00347CB5 /* LoadImageDataFromRemoteUseCaseTests.swift in Sources */ = {isa = PBXBuildFile; fileRef = 2026491529A6FABB00347CB5 /* LoadImageDataFromRemoteUseCaseTests.swift */; };
		2026491929A6FBEB00347CB5 /* LocalImageDataLoader.swift in Sources */ = {isa = PBXBuildFile; fileRef = 2026491829A6FBEB00347CB5 /* LocalImageDataLoader.swift */; };
		2026491B29A6FC0100347CB5 /* ImageDataStore.swift in Sources */ = {isa = PBXBuildFile; fileRef = 2026491A29A6FC0100347CB5 /* ImageDataStore.swift */; };
		2026491E29A6FCD500347CB5 /* LoadImageDataFromCacheUseCaseTests.swift in Sources */ = {isa = PBXBuildFile; fileRef = 2026491D29A6FCD500347CB5 /* LoadImageDataFromCacheUseCaseTests.swift */; };
		2026492029A6FD5200347CB5 /* ImageDataStoreSpy.swift in Sources */ = {isa = PBXBuildFile; fileRef = 2026491F29A6FD5200347CB5 /* ImageDataStoreSpy.swift */; };
		2026492429A6FDE900347CB5 /* ImageData.xcdatamodeld in Sources */ = {isa = PBXBuildFile; fileRef = 2026492229A6FDE900347CB5 /* ImageData.xcdatamodeld */; };
		2026492629A6FE2100347CB5 /* CoreDataImageDataStore.swift in Sources */ = {isa = PBXBuildFile; fileRef = 2026492529A6FE2100347CB5 /* CoreDataImageDataStore.swift */; };
		2026492829A6FE3700347CB5 /* CDImageData.swift in Sources */ = {isa = PBXBuildFile; fileRef = 2026492729A6FE3700347CB5 /* CDImageData.swift */; };
		2026492A29A6FEDD00347CB5 /* CoreDataImageDataStoreTests.swift in Sources */ = {isa = PBXBuildFile; fileRef = 2026492929A6FEDD00347CB5 /* CoreDataImageDataStoreTests.swift */; };
		2026493429A704AB00347CB5 /* AppDelegate.swift in Sources */ = {isa = PBXBuildFile; fileRef = 2026493329A704AB00347CB5 /* AppDelegate.swift */; };
		2026493629A704AB00347CB5 /* SceneDelegate.swift in Sources */ = {isa = PBXBuildFile; fileRef = 2026493529A704AB00347CB5 /* SceneDelegate.swift */; };
		2026493829A704AB00347CB5 /* ViewController.swift in Sources */ = {isa = PBXBuildFile; fileRef = 2026493729A704AB00347CB5 /* ViewController.swift */; };
		2026493B29A704AB00347CB5 /* Main.storyboard in Resources */ = {isa = PBXBuildFile; fileRef = 2026493929A704AB00347CB5 /* Main.storyboard */; };
		2026493D29A704AD00347CB5 /* Assets.xcassets in Resources */ = {isa = PBXBuildFile; fileRef = 2026493C29A704AD00347CB5 /* Assets.xcassets */; };
		2026494029A704AD00347CB5 /* LaunchScreen.storyboard in Resources */ = {isa = PBXBuildFile; fileRef = 2026493E29A704AD00347CB5 /* LaunchScreen.storyboard */; };
		2026494B29A704AD00347CB5 /* Games_AppTests.swift in Sources */ = {isa = PBXBuildFile; fileRef = 2026494A29A704AD00347CB5 /* Games_AppTests.swift */; };
		2026495529A704AD00347CB5 /* Games_AppUITests.swift in Sources */ = {isa = PBXBuildFile; fileRef = 2026495429A704AD00347CB5 /* Games_AppUITests.swift */; };
		2026495729A704AD00347CB5 /* Games_AppUITestsLaunchTests.swift in Sources */ = {isa = PBXBuildFile; fileRef = 2026495629A704AD00347CB5 /* Games_AppUITestsLaunchTests.swift */; };
		2045F91729A46A0E009E17B5 /* Games.framework in Frameworks */ = {isa = PBXBuildFile; fileRef = 2045F90C29A46A0E009E17B5 /* Games.framework */; };
/* End PBXBuildFile section */

/* Begin PBXContainerItemProxy section */
		2026494729A704AD00347CB5 /* PBXContainerItemProxy */ = {
			isa = PBXContainerItemProxy;
			containerPortal = 2045F90329A46A0E009E17B5 /* Project object */;
			proxyType = 1;
			remoteGlobalIDString = 2026493029A704AB00347CB5;
			remoteInfo = "Games App";
		};
		2026495129A704AD00347CB5 /* PBXContainerItemProxy */ = {
			isa = PBXContainerItemProxy;
			containerPortal = 2045F90329A46A0E009E17B5 /* Project object */;
			proxyType = 1;
			remoteGlobalIDString = 2026493029A704AB00347CB5;
			remoteInfo = "Games App";
		};
		2045F91829A46A0E009E17B5 /* PBXContainerItemProxy */ = {
			isa = PBXContainerItemProxy;
			containerPortal = 2045F90329A46A0E009E17B5 /* Project object */;
			proxyType = 1;
			remoteGlobalIDString = 2045F90B29A46A0E009E17B5;
			remoteInfo = Games;
		};
/* End PBXContainerItemProxy section */

/* Begin PBXFileReference section */
		20212F3929A51662000000F5 /* README.md */ = {isa = PBXFileReference; lastKnownFileType = net.daringfireball.markdown; path = README.md; sourceTree = "<group>"; };
		20212F3B29A5BF0D000000F5 /* HTTPClient.swift */ = {isa = PBXFileReference; lastKnownFileType = sourcecode.swift; path = HTTPClient.swift; sourceTree = "<group>"; };
		20212F3D29A5BF4B000000F5 /* URLSessionHTTPClientTests.swift */ = {isa = PBXFileReference; lastKnownFileType = sourcecode.swift; path = URLSessionHTTPClientTests.swift; sourceTree = "<group>"; };
		20212F3F29A5BF6E000000F5 /* URLProtocolStub.swift */ = {isa = PBXFileReference; lastKnownFileType = sourcecode.swift; path = URLProtocolStub.swift; sourceTree = "<group>"; };
		20212F4129A5BFA5000000F5 /* XCTestCase+Extension.swift */ = {isa = PBXFileReference; lastKnownFileType = sourcecode.swift; path = "XCTestCase+Extension.swift"; sourceTree = "<group>"; };
		20212F4329A5BFF1000000F5 /* URLSessionHTTPClient.swift */ = {isa = PBXFileReference; lastKnownFileType = sourcecode.swift; path = URLSessionHTTPClient.swift; sourceTree = "<group>"; };
		20212F4929A5C3B7000000F5 /* GamesLoader.swift */ = {isa = PBXFileReference; lastKnownFileType = sourcecode.swift; path = GamesLoader.swift; sourceTree = "<group>"; };
		20212F4B29A5C430000000F5 /* GameItem.swift */ = {isa = PBXFileReference; lastKnownFileType = sourcecode.swift; path = GameItem.swift; sourceTree = "<group>"; };
		20212F5029A5C77D000000F5 /* GamesEndpointTests.swift */ = {isa = PBXFileReference; lastKnownFileType = sourcecode.swift; path = GamesEndpointTests.swift; sourceTree = "<group>"; };
		20212F5329A5CBE0000000F5 /* GamesEndpoint.swift */ = {isa = PBXFileReference; lastKnownFileType = sourcecode.swift; path = GamesEndpoint.swift; sourceTree = "<group>"; };
		20212F5529A5CC51000000F5 /* GamesItemsMapperTests.swift */ = {isa = PBXFileReference; lastKnownFileType = sourcecode.swift; path = GamesItemsMapperTests.swift; sourceTree = "<group>"; };
		20212F5929A5D168000000F5 /* SharedTestHelpers.swift */ = {isa = PBXFileReference; lastKnownFileType = sourcecode.swift; path = SharedTestHelpers.swift; sourceTree = "<group>"; };
		20212F5B29A5D3F4000000F5 /* GamesItemsMapper.swift */ = {isa = PBXFileReference; lastKnownFileType = sourcecode.swift; path = GamesItemsMapper.swift; sourceTree = "<group>"; };
		20212F5D29A5D4CC000000F5 /* LoadGamesFromRemoteUseCaseTests.swift */ = {isa = PBXFileReference; lastKnownFileType = sourcecode.swift; path = LoadGamesFromRemoteUseCaseTests.swift; sourceTree = "<group>"; };
		20212F6029A5D8B8000000F5 /* HTTPClientSpy.swift */ = {isa = PBXFileReference; lastKnownFileType = sourcecode.swift; path = HTTPClientSpy.swift; sourceTree = "<group>"; };
		20212F6729A5F85A000000F5 /* RemoteGamesLoader.swift */ = {isa = PBXFileReference; lastKnownFileType = sourcecode.swift; path = RemoteGamesLoader.swift; sourceTree = "<group>"; };
		20212F6B29A5FADF000000F5 /* GameDetailLoader.swift */ = {isa = PBXFileReference; lastKnownFileType = sourcecode.swift; path = GameDetailLoader.swift; sourceTree = "<group>"; };
		20212F6D29A5FAE9000000F5 /* GameDetailItem.swift */ = {isa = PBXFileReference; lastKnownFileType = sourcecode.swift; path = GameDetailItem.swift; sourceTree = "<group>"; };
		20212F7129A5FD88000000F5 /* GameDetailEndpoint.swift */ = {isa = PBXFileReference; lastKnownFileType = sourcecode.swift; path = GameDetailEndpoint.swift; sourceTree = "<group>"; };
		20212F7429A5FDE7000000F5 /* GameDetailEndpointTests.swift */ = {isa = PBXFileReference; lastKnownFileType = sourcecode.swift; path = GameDetailEndpointTests.swift; sourceTree = "<group>"; };
		20212F7629A5FEBA000000F5 /* GameDetailItemsMapper.swift */ = {isa = PBXFileReference; lastKnownFileType = sourcecode.swift; path = GameDetailItemsMapper.swift; sourceTree = "<group>"; };
		20212F7829A601C1000000F5 /* GameDetailItemMapperTests.swift */ = {isa = PBXFileReference; lastKnownFileType = sourcecode.swift; path = GameDetailItemMapperTests.swift; sourceTree = "<group>"; };
		20212F7A29A606E5000000F5 /* RemoteGameDetailLoader.swift */ = {isa = PBXFileReference; lastKnownFileType = sourcecode.swift; path = RemoteGameDetailLoader.swift; sourceTree = "<group>"; };
		20212F7C29A60FAE000000F5 /* LoadGamesDetailFromRemoteUseCaseTests.swift */ = {isa = PBXFileReference; lastKnownFileType = sourcecode.swift; path = LoadGamesDetailFromRemoteUseCaseTests.swift; sourceTree = "<group>"; };
		20212F7F29A615CD000000F5 /* GameDetailCache.swift */ = {isa = PBXFileReference; lastKnownFileType = sourcecode.swift; path = GameDetailCache.swift; sourceTree = "<group>"; };
		20212F8129A61953000000F5 /* LocalGameDetailLoader.swift */ = {isa = PBXFileReference; lastKnownFileType = sourcecode.swift; path = LocalGameDetailLoader.swift; sourceTree = "<group>"; };
		20212F8329A6406B000000F5 /* GameDetailStore.swift */ = {isa = PBXFileReference; lastKnownFileType = sourcecode.swift; path = GameDetailStore.swift; sourceTree = "<group>"; };
		20212F8629A64FF8000000F5 /* LoadGameDetailFromCacheUseCaseTests.swift */ = {isa = PBXFileReference; lastKnownFileType = sourcecode.swift; path = LoadGameDetailFromCacheUseCaseTests.swift; sourceTree = "<group>"; };
		20212F8829A650E2000000F5 /* GameDetailStoreSpy.swift */ = {isa = PBXFileReference; lastKnownFileType = sourcecode.swift; path = GameDetailStoreSpy.swift; sourceTree = "<group>"; };
		20212F8C29A6CE53000000F5 /* GameDetail.xcdatamodel */ = {isa = PBXFileReference; lastKnownFileType = wrapper.xcdatamodel; path = GameDetail.xcdatamodel; sourceTree = "<group>"; };
		20212F8E29A6CFEF000000F5 /* CoreDataGameDetailStore.swift */ = {isa = PBXFileReference; lastKnownFileType = sourcecode.swift; path = CoreDataGameDetailStore.swift; sourceTree = "<group>"; };
		20212F9029A6D021000000F5 /* CoreDataHelpers.swift */ = {isa = PBXFileReference; lastKnownFileType = sourcecode.swift; path = CoreDataHelpers.swift; sourceTree = "<group>"; };
		20212F9229A6D078000000F5 /* CDGameDetail.swift */ = {isa = PBXFileReference; lastKnownFileType = sourcecode.swift; path = CDGameDetail.swift; sourceTree = "<group>"; };
		20212F9529A6D2F7000000F5 /* CoreDataGameDetailStoreTests.swift */ = {isa = PBXFileReference; lastKnownFileType = sourcecode.swift; path = CoreDataGameDetailStoreTests.swift; sourceTree = "<group>"; };
		20212F9A29A6EF4F000000F5 /* AllGamesDetailLoader.swift */ = {isa = PBXFileReference; lastKnownFileType = sourcecode.swift; path = AllGamesDetailLoader.swift; sourceTree = "<group>"; };
		20212F9D29A6F39A000000F5 /* ImageDataLoader.swift */ = {isa = PBXFileReference; lastKnownFileType = sourcecode.swift; path = ImageDataLoader.swift; sourceTree = "<group>"; };
		20212F9F29A6F3B1000000F5 /* LocalImageData.swift */ = {isa = PBXFileReference; lastKnownFileType = sourcecode.swift; path = LocalImageData.swift; sourceTree = "<group>"; };
		20212FA129A6F3CE000000F5 /* ImageDataCache.swift */ = {isa = PBXFileReference; lastKnownFileType = sourcecode.swift; path = ImageDataCache.swift; sourceTree = "<group>"; };
		2026491229A6FA7400347CB5 /* RemoteImageDataLoader.swift */ = {isa = PBXFileReference; lastKnownFileType = sourcecode.swift; path = RemoteImageDataLoader.swift; sourceTree = "<group>"; };
		2026491529A6FABB00347CB5 /* LoadImageDataFromRemoteUseCaseTests.swift */ = {isa = PBXFileReference; lastKnownFileType = sourcecode.swift; path = LoadImageDataFromRemoteUseCaseTests.swift; sourceTree = "<group>"; };
		2026491829A6FBEB00347CB5 /* LocalImageDataLoader.swift */ = {isa = PBXFileReference; lastKnownFileType = sourcecode.swift; path = LocalImageDataLoader.swift; sourceTree = "<group>"; };
		2026491A29A6FC0100347CB5 /* ImageDataStore.swift */ = {isa = PBXFileReference; lastKnownFileType = sourcecode.swift; path = ImageDataStore.swift; sourceTree = "<group>"; };
		2026491D29A6FCD500347CB5 /* LoadImageDataFromCacheUseCaseTests.swift */ = {isa = PBXFileReference; lastKnownFileType = sourcecode.swift; path = LoadImageDataFromCacheUseCaseTests.swift; sourceTree = "<group>"; };
		2026491F29A6FD5200347CB5 /* ImageDataStoreSpy.swift */ = {isa = PBXFileReference; lastKnownFileType = sourcecode.swift; path = ImageDataStoreSpy.swift; sourceTree = "<group>"; };
		2026492329A6FDE900347CB5 /* ImageData.xcdatamodel */ = {isa = PBXFileReference; lastKnownFileType = wrapper.xcdatamodel; path = ImageData.xcdatamodel; sourceTree = "<group>"; };
		2026492529A6FE2100347CB5 /* CoreDataImageDataStore.swift */ = {isa = PBXFileReference; lastKnownFileType = sourcecode.swift; path = CoreDataImageDataStore.swift; sourceTree = "<group>"; };
		2026492729A6FE3700347CB5 /* CDImageData.swift */ = {isa = PBXFileReference; lastKnownFileType = sourcecode.swift; path = CDImageData.swift; sourceTree = "<group>"; };
		2026492929A6FEDD00347CB5 /* CoreDataImageDataStoreTests.swift */ = {isa = PBXFileReference; lastKnownFileType = sourcecode.swift; path = CoreDataImageDataStoreTests.swift; sourceTree = "<group>"; };
		2026493129A704AB00347CB5 /* Games App.app */ = {isa = PBXFileReference; explicitFileType = wrapper.application; includeInIndex = 0; path = "Games App.app"; sourceTree = BUILT_PRODUCTS_DIR; };
		2026493329A704AB00347CB5 /* AppDelegate.swift */ = {isa = PBXFileReference; lastKnownFileType = sourcecode.swift; path = AppDelegate.swift; sourceTree = "<group>"; };
		2026493529A704AB00347CB5 /* SceneDelegate.swift */ = {isa = PBXFileReference; lastKnownFileType = sourcecode.swift; path = SceneDelegate.swift; sourceTree = "<group>"; };
		2026493729A704AB00347CB5 /* ViewController.swift */ = {isa = PBXFileReference; lastKnownFileType = sourcecode.swift; path = ViewController.swift; sourceTree = "<group>"; };
		2026493A29A704AB00347CB5 /* Base */ = {isa = PBXFileReference; lastKnownFileType = file.storyboard; name = Base; path = Base.lproj/Main.storyboard; sourceTree = "<group>"; };
		2026493C29A704AD00347CB5 /* Assets.xcassets */ = {isa = PBXFileReference; lastKnownFileType = folder.assetcatalog; path = Assets.xcassets; sourceTree = "<group>"; };
		2026493F29A704AD00347CB5 /* Base */ = {isa = PBXFileReference; lastKnownFileType = file.storyboard; name = Base; path = Base.lproj/LaunchScreen.storyboard; sourceTree = "<group>"; };
		2026494129A704AD00347CB5 /* Info.plist */ = {isa = PBXFileReference; lastKnownFileType = text.plist.xml; path = Info.plist; sourceTree = "<group>"; };
		2026494629A704AD00347CB5 /* Games AppTests.xctest */ = {isa = PBXFileReference; explicitFileType = wrapper.cfbundle; includeInIndex = 0; path = "Games AppTests.xctest"; sourceTree = BUILT_PRODUCTS_DIR; };
		2026494A29A704AD00347CB5 /* Games_AppTests.swift */ = {isa = PBXFileReference; lastKnownFileType = sourcecode.swift; path = Games_AppTests.swift; sourceTree = "<group>"; };
		2026495029A704AD00347CB5 /* Games AppUITests.xctest */ = {isa = PBXFileReference; explicitFileType = wrapper.cfbundle; includeInIndex = 0; path = "Games AppUITests.xctest"; sourceTree = BUILT_PRODUCTS_DIR; };
		2026495429A704AD00347CB5 /* Games_AppUITests.swift */ = {isa = PBXFileReference; lastKnownFileType = sourcecode.swift; path = Games_AppUITests.swift; sourceTree = "<group>"; };
		2026495629A704AD00347CB5 /* Games_AppUITestsLaunchTests.swift */ = {isa = PBXFileReference; lastKnownFileType = sourcecode.swift; path = Games_AppUITestsLaunchTests.swift; sourceTree = "<group>"; };
		2045F90C29A46A0E009E17B5 /* Games.framework */ = {isa = PBXFileReference; explicitFileType = wrapper.framework; includeInIndex = 0; path = Games.framework; sourceTree = BUILT_PRODUCTS_DIR; };
		2045F91629A46A0E009E17B5 /* GamesTests.xctest */ = {isa = PBXFileReference; explicitFileType = wrapper.cfbundle; includeInIndex = 0; path = GamesTests.xctest; sourceTree = BUILT_PRODUCTS_DIR; };
/* End PBXFileReference section */

/* Begin PBXFrameworksBuildPhase section */
		2026492E29A704AB00347CB5 /* Frameworks */ = {
			isa = PBXFrameworksBuildPhase;
			buildActionMask = 2147483647;
			files = (
			);
			runOnlyForDeploymentPostprocessing = 0;
		};
		2026494329A704AD00347CB5 /* Frameworks */ = {
			isa = PBXFrameworksBuildPhase;
			buildActionMask = 2147483647;
			files = (
			);
			runOnlyForDeploymentPostprocessing = 0;
		};
		2026494D29A704AD00347CB5 /* Frameworks */ = {
			isa = PBXFrameworksBuildPhase;
			buildActionMask = 2147483647;
			files = (
			);
			runOnlyForDeploymentPostprocessing = 0;
		};
		2045F90929A46A0E009E17B5 /* Frameworks */ = {
			isa = PBXFrameworksBuildPhase;
			buildActionMask = 2147483647;
			files = (
			);
			runOnlyForDeploymentPostprocessing = 0;
		};
		2045F91329A46A0E009E17B5 /* Frameworks */ = {
			isa = PBXFrameworksBuildPhase;
			buildActionMask = 2147483647;
			files = (
				2045F91729A46A0E009E17B5 /* Games.framework in Frameworks */,
			);
			runOnlyForDeploymentPostprocessing = 0;
		};
/* End PBXFrameworksBuildPhase section */

/* Begin PBXGroup section */
		20212F3A29A5BEFA000000F5 /* HTTPClient Module */ = {
			isa = PBXGroup;
			children = (
				20212F3B29A5BF0D000000F5 /* HTTPClient.swift */,
				20212F4329A5BFF1000000F5 /* URLSessionHTTPClient.swift */,
			);
			path = "HTTPClient Module";
			sourceTree = "<group>";
		};
		20212F4529A5C0D7000000F5 /* HTTP Client Tests */ = {
			isa = PBXGroup;
			children = (
				20212F3D29A5BF4B000000F5 /* URLSessionHTTPClientTests.swift */,
				20212F3F29A5BF6E000000F5 /* URLProtocolStub.swift */,
			);
			path = "HTTP Client Tests";
			sourceTree = "<group>";
		};
		20212F4629A5C0FE000000F5 /* Helpers */ = {
			isa = PBXGroup;
			children = (
				20212F4129A5BFA5000000F5 /* XCTestCase+Extension.swift */,
				20212F5929A5D168000000F5 /* SharedTestHelpers.swift */,
				20212F6029A5D8B8000000F5 /* HTTPClientSpy.swift */,
			);
			path = Helpers;
			sourceTree = "<group>";
		};
		20212F4829A5C36B000000F5 /* Games Module */ = {
			isa = PBXGroup;
			children = (
				20212F5229A5CBD3000000F5 /* Games API */,
				20212F4929A5C3B7000000F5 /* GamesLoader.swift */,
				20212F4B29A5C430000000F5 /* GameItem.swift */,
			);
			path = "Games Module";
			sourceTree = "<group>";
		};
		20212F4D29A5C54E000000F5 /* Games API */ = {
			isa = PBXGroup;
			children = (
				20212F5029A5C77D000000F5 /* GamesEndpointTests.swift */,
				20212F5529A5CC51000000F5 /* GamesItemsMapperTests.swift */,
				20212F5D29A5D4CC000000F5 /* LoadGamesFromRemoteUseCaseTests.swift */,
			);
			path = "Games API";
			sourceTree = "<group>";
		};
		20212F5229A5CBD3000000F5 /* Games API */ = {
			isa = PBXGroup;
			children = (
				20212F5329A5CBE0000000F5 /* GamesEndpoint.swift */,
				20212F5B29A5D3F4000000F5 /* GamesItemsMapper.swift */,
				20212F6729A5F85A000000F5 /* RemoteGamesLoader.swift */,
			);
			path = "Games API";
			sourceTree = "<group>";
		};
		20212F6929A5FAC3000000F5 /* Game Detail Module */ = {
			isa = PBXGroup;
			children = (
				20212F9729A6EEDC000000F5 /* Features */,
				20212F7E29A615AA000000F5 /* Game Detail Cache */,
				20212F7029A5FD5B000000F5 /* Game Detail API */,
			);
			path = "Game Detail Module";
			sourceTree = "<group>";
		};
		20212F7029A5FD5B000000F5 /* Game Detail API */ = {
			isa = PBXGroup;
			children = (
				20212F7129A5FD88000000F5 /* GameDetailEndpoint.swift */,
				20212F7629A5FEBA000000F5 /* GameDetailItemsMapper.swift */,
				20212F7A29A606E5000000F5 /* RemoteGameDetailLoader.swift */,
			);
			path = "Game Detail API";
			sourceTree = "<group>";
		};
		20212F7329A5FDDA000000F5 /* Game Detail API */ = {
			isa = PBXGroup;
			children = (
				20212F7429A5FDE7000000F5 /* GameDetailEndpointTests.swift */,
				20212F7829A601C1000000F5 /* GameDetailItemMapperTests.swift */,
				20212F7C29A60FAE000000F5 /* LoadGamesDetailFromRemoteUseCaseTests.swift */,
			);
			path = "Game Detail API";
			sourceTree = "<group>";
		};
		20212F7E29A615AA000000F5 /* Game Detail Cache */ = {
			isa = PBXGroup;
			children = (
				20212F8A29A6CE31000000F5 /* CoreData */,
				20212F8129A61953000000F5 /* LocalGameDetailLoader.swift */,
				20212F8329A6406B000000F5 /* GameDetailStore.swift */,
			);
			path = "Game Detail Cache";
			sourceTree = "<group>";
		};
		20212F8529A64FDC000000F5 /* Game Detail Cache */ = {
			isa = PBXGroup;
			children = (
				20212F8629A64FF8000000F5 /* LoadGameDetailFromCacheUseCaseTests.swift */,
				20212F8829A650E2000000F5 /* GameDetailStoreSpy.swift */,
				20212F9529A6D2F7000000F5 /* CoreDataGameDetailStoreTests.swift */,
			);
			path = "Game Detail Cache";
			sourceTree = "<group>";
		};
		20212F8A29A6CE31000000F5 /* CoreData */ = {
			isa = PBXGroup;
			children = (
				20212F8B29A6CE53000000F5 /* GameDetail.xcdatamodeld */,
				20212F8E29A6CFEF000000F5 /* CoreDataGameDetailStore.swift */,
				20212F9229A6D078000000F5 /* CDGameDetail.swift */,
			);
			path = CoreData;
			sourceTree = "<group>";
		};
		20212F9729A6EEDC000000F5 /* Features */ = {
			isa = PBXGroup;
			children = (
				20212F7F29A615CD000000F5 /* GameDetailCache.swift */,
				20212F6B29A5FADF000000F5 /* GameDetailLoader.swift */,
				20212F6D29A5FAE9000000F5 /* GameDetailItem.swift */,
				20212F9A29A6EF4F000000F5 /* AllGamesDetailLoader.swift */,
			);
			path = Features;
			sourceTree = "<group>";
		};
		20212F9C29A6F36D000000F5 /* Image Module */ = {
			isa = PBXGroup;
			children = (
				2026491729A6FBDD00347CB5 /* Image Cache */,
				2026491129A6FA6700347CB5 /* Image API */,
				20212F9D29A6F39A000000F5 /* ImageDataLoader.swift */,
				20212F9F29A6F3B1000000F5 /* LocalImageData.swift */,
				20212FA129A6F3CE000000F5 /* ImageDataCache.swift */,
			);
			path = "Image Module";
			sourceTree = "<group>";
		};
		2026491129A6FA6700347CB5 /* Image API */ = {
			isa = PBXGroup;
			children = (
				2026491229A6FA7400347CB5 /* RemoteImageDataLoader.swift */,
			);
			path = "Image API";
			sourceTree = "<group>";
		};
		2026491429A6FAA100347CB5 /* Image API */ = {
			isa = PBXGroup;
			children = (
				2026491529A6FABB00347CB5 /* LoadImageDataFromRemoteUseCaseTests.swift */,
			);
			path = "Image API";
			sourceTree = "<group>";
		};
		2026491729A6FBDD00347CB5 /* Image Cache */ = {
			isa = PBXGroup;
			children = (
				2026492129A6FDD400347CB5 /* Core Data */,
				2026491829A6FBEB00347CB5 /* LocalImageDataLoader.swift */,
				2026491A29A6FC0100347CB5 /* ImageDataStore.swift */,
			);
			path = "Image Cache";
			sourceTree = "<group>";
		};
		2026491C29A6FCB700347CB5 /* Image Cache */ = {
			isa = PBXGroup;
			children = (
				2026491D29A6FCD500347CB5 /* LoadImageDataFromCacheUseCaseTests.swift */,
				2026491F29A6FD5200347CB5 /* ImageDataStoreSpy.swift */,
				2026492929A6FEDD00347CB5 /* CoreDataImageDataStoreTests.swift */,
			);
			path = "Image Cache";
			sourceTree = "<group>";
		};
		2026492129A6FDD400347CB5 /* Core Data */ = {
			isa = PBXGroup;
			children = (
				2026492229A6FDE900347CB5 /* ImageData.xcdatamodeld */,
				2026492529A6FE2100347CB5 /* CoreDataImageDataStore.swift */,
				2026492729A6FE3700347CB5 /* CDImageData.swift */,
			);
			path = "Core Data";
			sourceTree = "<group>";
		};
		2026492C29A7018E00347CB5 /* Shared */ = {
			isa = PBXGroup;
			children = (
				20212F9029A6D021000000F5 /* CoreDataHelpers.swift */,
			);
			path = Shared;
			sourceTree = "<group>";
		};
		2026493229A704AB00347CB5 /* Games App */ = {
			isa = PBXGroup;
			children = (
				2026493329A704AB00347CB5 /* AppDelegate.swift */,
				2026493529A704AB00347CB5 /* SceneDelegate.swift */,
				2026493729A704AB00347CB5 /* ViewController.swift */,
				2026493929A704AB00347CB5 /* Main.storyboard */,
				2026493C29A704AD00347CB5 /* Assets.xcassets */,
				2026493E29A704AD00347CB5 /* LaunchScreen.storyboard */,
				2026494129A704AD00347CB5 /* Info.plist */,
			);
			path = "Games App";
			sourceTree = "<group>";
		};
		2026494929A704AD00347CB5 /* Games AppTests */ = {
			isa = PBXGroup;
			children = (
				2026494A29A704AD00347CB5 /* Games_AppTests.swift */,
			);
			path = "Games AppTests";
			sourceTree = "<group>";
		};
		2026495329A704AD00347CB5 /* Games AppUITests */ = {
			isa = PBXGroup;
			children = (
				2026495429A704AD00347CB5 /* Games_AppUITests.swift */,
				2026495629A704AD00347CB5 /* Games_AppUITestsLaunchTests.swift */,
			);
			path = "Games AppUITests";
			sourceTree = "<group>";
		};
		2045F90229A46A0E009E17B5 = {
			isa = PBXGroup;
			children = (
				20212F3929A51662000000F5 /* README.md */,
				2045F90E29A46A0E009E17B5 /* Games */,
				2045F91A29A46A0E009E17B5 /* GamesTests */,
				2026493229A704AB00347CB5 /* Games App */,
				2026494929A704AD00347CB5 /* Games AppTests */,
				2026495329A704AD00347CB5 /* Games AppUITests */,
				2045F90D29A46A0E009E17B5 /* Products */,
			);
			sourceTree = "<group>";
		};
		2045F90D29A46A0E009E17B5 /* Products */ = {
			isa = PBXGroup;
			children = (
				2045F90C29A46A0E009E17B5 /* Games.framework */,
				2045F91629A46A0E009E17B5 /* GamesTests.xctest */,
				2026493129A704AB00347CB5 /* Games App.app */,
				2026494629A704AD00347CB5 /* Games AppTests.xctest */,
				2026495029A704AD00347CB5 /* Games AppUITests.xctest */,
			);
			name = Products;
			sourceTree = "<group>";
		};
		2045F90E29A46A0E009E17B5 /* Games */ = {
			isa = PBXGroup;
			children = (
				2026492C29A7018E00347CB5 /* Shared */,
				20212F9C29A6F36D000000F5 /* Image Module */,
				20212F6929A5FAC3000000F5 /* Game Detail Module */,
				20212F4829A5C36B000000F5 /* Games Module */,
				20212F3A29A5BEFA000000F5 /* HTTPClient Module */,
			);
			path = Games;
			sourceTree = "<group>";
		};
		2045F91A29A46A0E009E17B5 /* GamesTests */ = {
			isa = PBXGroup;
			children = (
				20212F4629A5C0FE000000F5 /* Helpers */,
				2026491C29A6FCB700347CB5 /* Image Cache */,
				2026491429A6FAA100347CB5 /* Image API */,
				20212F8529A64FDC000000F5 /* Game Detail Cache */,
				20212F7329A5FDDA000000F5 /* Game Detail API */,
				20212F4D29A5C54E000000F5 /* Games API */,
				20212F4529A5C0D7000000F5 /* HTTP Client Tests */,
			);
			path = GamesTests;
			sourceTree = "<group>";
		};
/* End PBXGroup section */

/* Begin PBXHeadersBuildPhase section */
		2045F90729A46A0E009E17B5 /* Headers */ = {
			isa = PBXHeadersBuildPhase;
			buildActionMask = 2147483647;
			files = (
			);
			runOnlyForDeploymentPostprocessing = 0;
		};
/* End PBXHeadersBuildPhase section */

/* Begin PBXNativeTarget section */
		2026493029A704AB00347CB5 /* Games App */ = {
			isa = PBXNativeTarget;
			buildConfigurationList = 2026495E29A704AD00347CB5 /* Build configuration list for PBXNativeTarget "Games App" */;
			buildPhases = (
				2026492D29A704AB00347CB5 /* Sources */,
				2026492E29A704AB00347CB5 /* Frameworks */,
				2026492F29A704AB00347CB5 /* Resources */,
			);
			buildRules = (
			);
			dependencies = (
			);
			name = "Games App";
			productName = "Games App";
			productReference = 2026493129A704AB00347CB5 /* Games App.app */;
			productType = "com.apple.product-type.application";
		};
		2026494529A704AD00347CB5 /* Games AppTests */ = {
			isa = PBXNativeTarget;
			buildConfigurationList = 2026495F29A704AD00347CB5 /* Build configuration list for PBXNativeTarget "Games AppTests" */;
			buildPhases = (
				2026494229A704AD00347CB5 /* Sources */,
				2026494329A704AD00347CB5 /* Frameworks */,
				2026494429A704AD00347CB5 /* Resources */,
			);
			buildRules = (
			);
			dependencies = (
				2026494829A704AD00347CB5 /* PBXTargetDependency */,
			);
			name = "Games AppTests";
			productName = "Games AppTests";
			productReference = 2026494629A704AD00347CB5 /* Games AppTests.xctest */;
			productType = "com.apple.product-type.bundle.unit-test";
		};
		2026494F29A704AD00347CB5 /* Games AppUITests */ = {
			isa = PBXNativeTarget;
			buildConfigurationList = 2026496029A704AD00347CB5 /* Build configuration list for PBXNativeTarget "Games AppUITests" */;
			buildPhases = (
				2026494C29A704AD00347CB5 /* Sources */,
				2026494D29A704AD00347CB5 /* Frameworks */,
				2026494E29A704AD00347CB5 /* Resources */,
			);
			buildRules = (
			);
			dependencies = (
				2026495229A704AD00347CB5 /* PBXTargetDependency */,
			);
			name = "Games AppUITests";
			productName = "Games AppUITests";
			productReference = 2026495029A704AD00347CB5 /* Games AppUITests.xctest */;
			productType = "com.apple.product-type.bundle.ui-testing";
		};
		2045F90B29A46A0E009E17B5 /* Games */ = {
			isa = PBXNativeTarget;
			buildConfigurationList = 2045F92029A46A0E009E17B5 /* Build configuration list for PBXNativeTarget "Games" */;
			buildPhases = (
				2045F90729A46A0E009E17B5 /* Headers */,
				2045F90829A46A0E009E17B5 /* Sources */,
				2045F90929A46A0E009E17B5 /* Frameworks */,
				2045F90A29A46A0E009E17B5 /* Resources */,
			);
			buildRules = (
			);
			dependencies = (
			);
			name = Games;
			productName = Games;
			productReference = 2045F90C29A46A0E009E17B5 /* Games.framework */;
			productType = "com.apple.product-type.framework";
		};
		2045F91529A46A0E009E17B5 /* GamesTests */ = {
			isa = PBXNativeTarget;
			buildConfigurationList = 2045F92329A46A0E009E17B5 /* Build configuration list for PBXNativeTarget "GamesTests" */;
			buildPhases = (
				2045F91229A46A0E009E17B5 /* Sources */,
				2045F91329A46A0E009E17B5 /* Frameworks */,
				2045F91429A46A0E009E17B5 /* Resources */,
			);
			buildRules = (
			);
			dependencies = (
				2045F91929A46A0E009E17B5 /* PBXTargetDependency */,
			);
			name = GamesTests;
			productName = GamesTests;
			productReference = 2045F91629A46A0E009E17B5 /* GamesTests.xctest */;
			productType = "com.apple.product-type.bundle.unit-test";
		};
/* End PBXNativeTarget section */

/* Begin PBXProject section */
		2045F90329A46A0E009E17B5 /* Project object */ = {
			isa = PBXProject;
			attributes = {
				BuildIndependentTargetsInParallel = 1;
				LastSwiftUpdateCheck = 1420;
				LastUpgradeCheck = 1420;
				TargetAttributes = {
					2026493029A704AB00347CB5 = {
						CreatedOnToolsVersion = 14.2;
					};
					2026494529A704AD00347CB5 = {
						CreatedOnToolsVersion = 14.2;
						TestTargetID = 2026493029A704AB00347CB5;
					};
					2026494F29A704AD00347CB5 = {
						CreatedOnToolsVersion = 14.2;
						TestTargetID = 2026493029A704AB00347CB5;
					};
					2045F90B29A46A0E009E17B5 = {
						CreatedOnToolsVersion = 14.2;
						LastSwiftMigration = 1420;
					};
					2045F91529A46A0E009E17B5 = {
						CreatedOnToolsVersion = 14.2;
					};
				};
			};
			buildConfigurationList = 2045F90629A46A0E009E17B5 /* Build configuration list for PBXProject "Games" */;
			compatibilityVersion = "Xcode 14.0";
			developmentRegion = en;
			hasScannedForEncodings = 0;
			knownRegions = (
				en,
				Base,
			);
			mainGroup = 2045F90229A46A0E009E17B5;
			productRefGroup = 2045F90D29A46A0E009E17B5 /* Products */;
			projectDirPath = "";
			projectRoot = "";
			targets = (
				2045F90B29A46A0E009E17B5 /* Games */,
				2045F91529A46A0E009E17B5 /* GamesTests */,
				2026493029A704AB00347CB5 /* Games App */,
				2026494529A704AD00347CB5 /* Games AppTests */,
				2026494F29A704AD00347CB5 /* Games AppUITests */,
			);
		};
/* End PBXProject section */

/* Begin PBXResourcesBuildPhase section */
		2026492F29A704AB00347CB5 /* Resources */ = {
			isa = PBXResourcesBuildPhase;
			buildActionMask = 2147483647;
			files = (
				2026494029A704AD00347CB5 /* LaunchScreen.storyboard in Resources */,
				2026493D29A704AD00347CB5 /* Assets.xcassets in Resources */,
				2026493B29A704AB00347CB5 /* Main.storyboard in Resources */,
			);
			runOnlyForDeploymentPostprocessing = 0;
		};
		2026494429A704AD00347CB5 /* Resources */ = {
			isa = PBXResourcesBuildPhase;
			buildActionMask = 2147483647;
			files = (
			);
			runOnlyForDeploymentPostprocessing = 0;
		};
		2026494E29A704AD00347CB5 /* Resources */ = {
			isa = PBXResourcesBuildPhase;
			buildActionMask = 2147483647;
			files = (
			);
			runOnlyForDeploymentPostprocessing = 0;
		};
		2045F90A29A46A0E009E17B5 /* Resources */ = {
			isa = PBXResourcesBuildPhase;
			buildActionMask = 2147483647;
			files = (
			);
			runOnlyForDeploymentPostprocessing = 0;
		};
		2045F91429A46A0E009E17B5 /* Resources */ = {
			isa = PBXResourcesBuildPhase;
			buildActionMask = 2147483647;
			files = (
			);
			runOnlyForDeploymentPostprocessing = 0;
		};
/* End PBXResourcesBuildPhase section */

/* Begin PBXSourcesBuildPhase section */
		2026492D29A704AB00347CB5 /* Sources */ = {
			isa = PBXSourcesBuildPhase;
			buildActionMask = 2147483647;
			files = (
				2026493829A704AB00347CB5 /* ViewController.swift in Sources */,
				2026493429A704AB00347CB5 /* AppDelegate.swift in Sources */,
				2026493629A704AB00347CB5 /* SceneDelegate.swift in Sources */,
			);
			runOnlyForDeploymentPostprocessing = 0;
		};
		2026494229A704AD00347CB5 /* Sources */ = {
			isa = PBXSourcesBuildPhase;
			buildActionMask = 2147483647;
			files = (
				2026494B29A704AD00347CB5 /* Games_AppTests.swift in Sources */,
			);
			runOnlyForDeploymentPostprocessing = 0;
		};
		2026494C29A704AD00347CB5 /* Sources */ = {
			isa = PBXSourcesBuildPhase;
			buildActionMask = 2147483647;
			files = (
				2026495729A704AD00347CB5 /* Games_AppUITestsLaunchTests.swift in Sources */,
				2026495529A704AD00347CB5 /* Games_AppUITests.swift in Sources */,
			);
			runOnlyForDeploymentPostprocessing = 0;
		};
		2045F90829A46A0E009E17B5 /* Sources */ = {
			isa = PBXSourcesBuildPhase;
			buildActionMask = 2147483647;
			files = (
				20212F6829A5F85A000000F5 /* RemoteGamesLoader.swift in Sources */,
				20212F6C29A5FADF000000F5 /* GameDetailLoader.swift in Sources */,
				20212F6E29A5FAE9000000F5 /* GameDetailItem.swift in Sources */,
				20212FA029A6F3B1000000F5 /* LocalImageData.swift in Sources */,
				2026492629A6FE2100347CB5 /* CoreDataImageDataStore.swift in Sources */,
				20212F8029A615CD000000F5 /* GameDetailCache.swift in Sources */,
				20212F3C29A5BF0D000000F5 /* HTTPClient.swift in Sources */,
				20212F4429A5BFF1000000F5 /* URLSessionHTTPClient.swift in Sources */,
				20212F9129A6D021000000F5 /* CoreDataHelpers.swift in Sources */,
				20212F5429A5CBE0000000F5 /* GamesEndpoint.swift in Sources */,
				20212F5C29A5D3F4000000F5 /* GamesItemsMapper.swift in Sources */,
				20212F4C29A5C430000000F5 /* GameItem.swift in Sources */,
				2026491B29A6FC0100347CB5 /* ImageDataStore.swift in Sources */,
				20212F8F29A6CFEF000000F5 /* CoreDataGameDetailStore.swift in Sources */,
				2026492829A6FE3700347CB5 /* CDImageData.swift in Sources */,
				20212F4A29A5C3B7000000F5 /* GamesLoader.swift in Sources */,
				20212F8229A61953000000F5 /* LocalGameDetailLoader.swift in Sources */,
				2026491329A6FA7400347CB5 /* RemoteImageDataLoader.swift in Sources */,
				2026492429A6FDE900347CB5 /* ImageData.xcdatamodeld in Sources */,
				20212F8429A6406B000000F5 /* GameDetailStore.swift in Sources */,
				20212F8D29A6CE53000000F5 /* GameDetail.xcdatamodeld in Sources */,
				20212F7729A5FEBA000000F5 /* GameDetailItemsMapper.swift in Sources */,
				20212F7229A5FD88000000F5 /* GameDetailEndpoint.swift in Sources */,
				20212F9B29A6EF4F000000F5 /* AllGamesDetailLoader.swift in Sources */,
				20212F9E29A6F39A000000F5 /* ImageDataLoader.swift in Sources */,
				20212F7B29A606E5000000F5 /* RemoteGameDetailLoader.swift in Sources */,
				20212FA229A6F3CE000000F5 /* ImageDataCache.swift in Sources */,
				2026491929A6FBEB00347CB5 /* LocalImageDataLoader.swift in Sources */,
				20212F9329A6D078000000F5 /* CDGameDetail.swift in Sources */,
			);
			runOnlyForDeploymentPostprocessing = 0;
		};
		2045F91229A46A0E009E17B5 /* Sources */ = {
			isa = PBXSourcesBuildPhase;
			buildActionMask = 2147483647;
			files = (
				20212F7D29A60FAE000000F5 /* LoadGamesDetailFromRemoteUseCaseTests.swift in Sources */,
				20212F9629A6D2F7000000F5 /* CoreDataGameDetailStoreTests.swift in Sources */,
				2026492A29A6FEDD00347CB5 /* CoreDataImageDataStoreTests.swift in Sources */,
				2026491629A6FABB00347CB5 /* LoadImageDataFromRemoteUseCaseTests.swift in Sources */,
				20212F8729A64FF8000000F5 /* LoadGameDetailFromCacheUseCaseTests.swift in Sources */,
				2026491E29A6FCD500347CB5 /* LoadImageDataFromCacheUseCaseTests.swift in Sources */,
				20212F5E29A5D4CC000000F5 /* LoadGamesFromRemoteUseCaseTests.swift in Sources */,
				20212F6129A5D8B8000000F5 /* HTTPClientSpy.swift in Sources */,
				20212F5129A5C77D000000F5 /* GamesEndpointTests.swift in Sources */,
				20212F7529A5FDE7000000F5 /* GameDetailEndpointTests.swift in Sources */,
				20212F8929A650E2000000F5 /* GameDetailStoreSpy.swift in Sources */,
				20212F4229A5BFA5000000F5 /* XCTestCase+Extension.swift in Sources */,
				20212F5A29A5D168000000F5 /* SharedTestHelpers.swift in Sources */,
				2026492029A6FD5200347CB5 /* ImageDataStoreSpy.swift in Sources */,
				20212F5629A5CC51000000F5 /* GamesItemsMapperTests.swift in Sources */,
				20212F3E29A5BF4B000000F5 /* URLSessionHTTPClientTests.swift in Sources */,
				20212F7929A601C1000000F5 /* GameDetailItemMapperTests.swift in Sources */,
				20212F4029A5BF6E000000F5 /* URLProtocolStub.swift in Sources */,
			);
			runOnlyForDeploymentPostprocessing = 0;
		};
/* End PBXSourcesBuildPhase section */

/* Begin PBXTargetDependency section */
		2026494829A704AD00347CB5 /* PBXTargetDependency */ = {
			isa = PBXTargetDependency;
			target = 2026493029A704AB00347CB5 /* Games App */;
			targetProxy = 2026494729A704AD00347CB5 /* PBXContainerItemProxy */;
		};
		2026495229A704AD00347CB5 /* PBXTargetDependency */ = {
			isa = PBXTargetDependency;
			target = 2026493029A704AB00347CB5 /* Games App */;
			targetProxy = 2026495129A704AD00347CB5 /* PBXContainerItemProxy */;
		};
		2045F91929A46A0E009E17B5 /* PBXTargetDependency */ = {
			isa = PBXTargetDependency;
			target = 2045F90B29A46A0E009E17B5 /* Games */;
			targetProxy = 2045F91829A46A0E009E17B5 /* PBXContainerItemProxy */;
		};
/* End PBXTargetDependency section */

/* Begin PBXVariantGroup section */
		2026493929A704AB00347CB5 /* Main.storyboard */ = {
			isa = PBXVariantGroup;
			children = (
				2026493A29A704AB00347CB5 /* Base */,
			);
			name = Main.storyboard;
			sourceTree = "<group>";
		};
		2026493E29A704AD00347CB5 /* LaunchScreen.storyboard */ = {
			isa = PBXVariantGroup;
			children = (
				2026493F29A704AD00347CB5 /* Base */,
			);
			name = LaunchScreen.storyboard;
			sourceTree = "<group>";
		};
/* End PBXVariantGroup section */

/* Begin XCBuildConfiguration section */
		2026495829A704AD00347CB5 /* Debug */ = {
			isa = XCBuildConfiguration;
			buildSettings = {
				ASSETCATALOG_COMPILER_APPICON_NAME = AppIcon;
				ASSETCATALOG_COMPILER_GLOBAL_ACCENT_COLOR_NAME = AccentColor;
				CODE_SIGN_STYLE = Automatic;
				CURRENT_PROJECT_VERSION = 1;
				DEVELOPMENT_TEAM = X7PX2RYRJL;
				GENERATE_INFOPLIST_FILE = YES;
				INFOPLIST_FILE = "Games App/Info.plist";
				INFOPLIST_KEY_UIApplicationSupportsIndirectInputEvents = YES;
				INFOPLIST_KEY_UILaunchStoryboardName = LaunchScreen;
				INFOPLIST_KEY_UIMainStoryboardFile = Main;
				INFOPLIST_KEY_UISupportedInterfaceOrientations_iPad = "UIInterfaceOrientationPortrait UIInterfaceOrientationPortraitUpsideDown UIInterfaceOrientationLandscapeLeft UIInterfaceOrientationLandscapeRight";
				INFOPLIST_KEY_UISupportedInterfaceOrientations_iPhone = "UIInterfaceOrientationPortrait UIInterfaceOrientationLandscapeLeft UIInterfaceOrientationLandscapeRight";
				IPHONEOS_DEPLOYMENT_TARGET = 16.2;
				LD_RUNPATH_SEARCH_PATHS = (
					"$(inherited)",
					"@executable_path/Frameworks",
				);
				MARKETING_VERSION = 1.0;
				PRODUCT_BUNDLE_IDENTIFIER = "co.codeturnal.Games-App";
				PRODUCT_NAME = "$(TARGET_NAME)";
				SDKROOT = iphoneos;
				SWIFT_EMIT_LOC_STRINGS = YES;
				SWIFT_VERSION = 5.0;
				TARGETED_DEVICE_FAMILY = "1,2";
			};
			name = Debug;
		};
		2026495929A704AD00347CB5 /* Release */ = {
			isa = XCBuildConfiguration;
			buildSettings = {
				ASSETCATALOG_COMPILER_APPICON_NAME = AppIcon;
				ASSETCATALOG_COMPILER_GLOBAL_ACCENT_COLOR_NAME = AccentColor;
				CODE_SIGN_STYLE = Automatic;
				CURRENT_PROJECT_VERSION = 1;
				DEVELOPMENT_TEAM = X7PX2RYRJL;
				GENERATE_INFOPLIST_FILE = YES;
				INFOPLIST_FILE = "Games App/Info.plist";
				INFOPLIST_KEY_UIApplicationSupportsIndirectInputEvents = YES;
				INFOPLIST_KEY_UILaunchStoryboardName = LaunchScreen;
				INFOPLIST_KEY_UIMainStoryboardFile = Main;
				INFOPLIST_KEY_UISupportedInterfaceOrientations_iPad = "UIInterfaceOrientationPortrait UIInterfaceOrientationPortraitUpsideDown UIInterfaceOrientationLandscapeLeft UIInterfaceOrientationLandscapeRight";
				INFOPLIST_KEY_UISupportedInterfaceOrientations_iPhone = "UIInterfaceOrientationPortrait UIInterfaceOrientationLandscapeLeft UIInterfaceOrientationLandscapeRight";
				IPHONEOS_DEPLOYMENT_TARGET = 16.2;
				LD_RUNPATH_SEARCH_PATHS = (
					"$(inherited)",
					"@executable_path/Frameworks",
				);
				MARKETING_VERSION = 1.0;
				PRODUCT_BUNDLE_IDENTIFIER = "co.codeturnal.Games-App";
				PRODUCT_NAME = "$(TARGET_NAME)";
				SDKROOT = iphoneos;
				SWIFT_EMIT_LOC_STRINGS = YES;
				SWIFT_VERSION = 5.0;
				TARGETED_DEVICE_FAMILY = "1,2";
				VALIDATE_PRODUCT = YES;
			};
			name = Release;
		};
		2026495A29A704AD00347CB5 /* Debug */ = {
			isa = XCBuildConfiguration;
			buildSettings = {
				ALWAYS_EMBED_SWIFT_STANDARD_LIBRARIES = YES;
				BUNDLE_LOADER = "$(TEST_HOST)";
				CODE_SIGN_STYLE = Automatic;
				CURRENT_PROJECT_VERSION = 1;
				DEVELOPMENT_TEAM = X7PX2RYRJL;
				GENERATE_INFOPLIST_FILE = YES;
				IPHONEOS_DEPLOYMENT_TARGET = 16.2;
				MARKETING_VERSION = 1.0;
				PRODUCT_BUNDLE_IDENTIFIER = "co.codeturnal.Games-AppTests";
				PRODUCT_NAME = "$(TARGET_NAME)";
				SDKROOT = iphoneos;
				SWIFT_EMIT_LOC_STRINGS = NO;
				SWIFT_VERSION = 5.0;
				TARGETED_DEVICE_FAMILY = "1,2";
				TEST_HOST = "$(BUILT_PRODUCTS_DIR)/Games App.app/$(BUNDLE_EXECUTABLE_FOLDER_PATH)/Games App";
			};
			name = Debug;
		};
		2026495B29A704AD00347CB5 /* Release */ = {
			isa = XCBuildConfiguration;
			buildSettings = {
				ALWAYS_EMBED_SWIFT_STANDARD_LIBRARIES = YES;
				BUNDLE_LOADER = "$(TEST_HOST)";
				CODE_SIGN_STYLE = Automatic;
				CURRENT_PROJECT_VERSION = 1;
				DEVELOPMENT_TEAM = X7PX2RYRJL;
				GENERATE_INFOPLIST_FILE = YES;
				IPHONEOS_DEPLOYMENT_TARGET = 16.2;
				MARKETING_VERSION = 1.0;
				PRODUCT_BUNDLE_IDENTIFIER = "co.codeturnal.Games-AppTests";
				PRODUCT_NAME = "$(TARGET_NAME)";
				SDKROOT = iphoneos;
				SWIFT_EMIT_LOC_STRINGS = NO;
				SWIFT_VERSION = 5.0;
				TARGETED_DEVICE_FAMILY = "1,2";
				TEST_HOST = "$(BUILT_PRODUCTS_DIR)/Games App.app/$(BUNDLE_EXECUTABLE_FOLDER_PATH)/Games App";
				VALIDATE_PRODUCT = YES;
			};
			name = Release;
		};
		2026495C29A704AD00347CB5 /* Debug */ = {
			isa = XCBuildConfiguration;
			buildSettings = {
				ALWAYS_EMBED_SWIFT_STANDARD_LIBRARIES = YES;
				CODE_SIGN_STYLE = Automatic;
				CURRENT_PROJECT_VERSION = 1;
				DEVELOPMENT_TEAM = X7PX2RYRJL;
				GENERATE_INFOPLIST_FILE = YES;
				IPHONEOS_DEPLOYMENT_TARGET = 16.2;
				MARKETING_VERSION = 1.0;
				PRODUCT_BUNDLE_IDENTIFIER = "co.codeturnal.Games-AppUITests";
				PRODUCT_NAME = "$(TARGET_NAME)";
				SDKROOT = iphoneos;
				SWIFT_EMIT_LOC_STRINGS = NO;
				SWIFT_VERSION = 5.0;
				TARGETED_DEVICE_FAMILY = "1,2";
				TEST_TARGET_NAME = "Games App";
			};
			name = Debug;
		};
		2026495D29A704AD00347CB5 /* Release */ = {
			isa = XCBuildConfiguration;
			buildSettings = {
				ALWAYS_EMBED_SWIFT_STANDARD_LIBRARIES = YES;
				CODE_SIGN_STYLE = Automatic;
				CURRENT_PROJECT_VERSION = 1;
				DEVELOPMENT_TEAM = X7PX2RYRJL;
				GENERATE_INFOPLIST_FILE = YES;
				IPHONEOS_DEPLOYMENT_TARGET = 16.2;
				MARKETING_VERSION = 1.0;
				PRODUCT_BUNDLE_IDENTIFIER = "co.codeturnal.Games-AppUITests";
				PRODUCT_NAME = "$(TARGET_NAME)";
				SDKROOT = iphoneos;
				SWIFT_EMIT_LOC_STRINGS = NO;
				SWIFT_VERSION = 5.0;
				TARGETED_DEVICE_FAMILY = "1,2";
				TEST_TARGET_NAME = "Games App";
				VALIDATE_PRODUCT = YES;
			};
			name = Release;
		};
		2045F91E29A46A0E009E17B5 /* Debug */ = {
			isa = XCBuildConfiguration;
			buildSettings = {
				ALWAYS_SEARCH_USER_PATHS = NO;
				CLANG_ANALYZER_NONNULL = YES;
				CLANG_ANALYZER_NUMBER_OBJECT_CONVERSION = YES_AGGRESSIVE;
				CLANG_CXX_LANGUAGE_STANDARD = "gnu++20";
				CLANG_ENABLE_MODULES = YES;
				CLANG_ENABLE_OBJC_ARC = YES;
				CLANG_ENABLE_OBJC_WEAK = YES;
				CLANG_WARN_BLOCK_CAPTURE_AUTORELEASING = YES;
				CLANG_WARN_BOOL_CONVERSION = YES;
				CLANG_WARN_COMMA = YES;
				CLANG_WARN_CONSTANT_CONVERSION = YES;
				CLANG_WARN_DEPRECATED_OBJC_IMPLEMENTATIONS = YES;
				CLANG_WARN_DIRECT_OBJC_ISA_USAGE = YES_ERROR;
				CLANG_WARN_DOCUMENTATION_COMMENTS = YES;
				CLANG_WARN_EMPTY_BODY = YES;
				CLANG_WARN_ENUM_CONVERSION = YES;
				CLANG_WARN_INFINITE_RECURSION = YES;
				CLANG_WARN_INT_CONVERSION = YES;
				CLANG_WARN_NON_LITERAL_NULL_CONVERSION = YES;
				CLANG_WARN_OBJC_IMPLICIT_RETAIN_SELF = YES;
				CLANG_WARN_OBJC_LITERAL_CONVERSION = YES;
				CLANG_WARN_OBJC_ROOT_CLASS = YES_ERROR;
				CLANG_WARN_QUOTED_INCLUDE_IN_FRAMEWORK_HEADER = YES;
				CLANG_WARN_RANGE_LOOP_ANALYSIS = YES;
				CLANG_WARN_STRICT_PROTOTYPES = YES;
				CLANG_WARN_SUSPICIOUS_MOVE = YES;
				CLANG_WARN_UNGUARDED_AVAILABILITY = YES_AGGRESSIVE;
				CLANG_WARN_UNREACHABLE_CODE = YES;
				CLANG_WARN__DUPLICATE_METHOD_MATCH = YES;
				COPY_PHASE_STRIP = NO;
				CURRENT_PROJECT_VERSION = 1;
				DEBUG_INFORMATION_FORMAT = dwarf;
				ENABLE_STRICT_OBJC_MSGSEND = YES;
				ENABLE_TESTABILITY = YES;
				GCC_C_LANGUAGE_STANDARD = gnu11;
				GCC_DYNAMIC_NO_PIC = NO;
				GCC_NO_COMMON_BLOCKS = YES;
				GCC_OPTIMIZATION_LEVEL = 0;
				GCC_PREPROCESSOR_DEFINITIONS = (
					"DEBUG=1",
					"$(inherited)",
				);
				GCC_WARN_64_TO_32_BIT_CONVERSION = YES;
				GCC_WARN_ABOUT_RETURN_TYPE = YES_ERROR;
				GCC_WARN_UNDECLARED_SELECTOR = YES;
				GCC_WARN_UNINITIALIZED_AUTOS = YES_AGGRESSIVE;
				GCC_WARN_UNUSED_FUNCTION = YES;
				GCC_WARN_UNUSED_VARIABLE = YES;
				MTL_ENABLE_DEBUG_INFO = INCLUDE_SOURCE;
				MTL_FAST_MATH = YES;
				ONLY_ACTIVE_ARCH = YES;
				SWIFT_ACTIVE_COMPILATION_CONDITIONS = DEBUG;
				SWIFT_OPTIMIZATION_LEVEL = "-Onone";
				VERSIONING_SYSTEM = "apple-generic";
				VERSION_INFO_PREFIX = "";
			};
			name = Debug;
		};
		2045F91F29A46A0E009E17B5 /* Release */ = {
			isa = XCBuildConfiguration;
			buildSettings = {
				ALWAYS_SEARCH_USER_PATHS = NO;
				CLANG_ANALYZER_NONNULL = YES;
				CLANG_ANALYZER_NUMBER_OBJECT_CONVERSION = YES_AGGRESSIVE;
				CLANG_CXX_LANGUAGE_STANDARD = "gnu++20";
				CLANG_ENABLE_MODULES = YES;
				CLANG_ENABLE_OBJC_ARC = YES;
				CLANG_ENABLE_OBJC_WEAK = YES;
				CLANG_WARN_BLOCK_CAPTURE_AUTORELEASING = YES;
				CLANG_WARN_BOOL_CONVERSION = YES;
				CLANG_WARN_COMMA = YES;
				CLANG_WARN_CONSTANT_CONVERSION = YES;
				CLANG_WARN_DEPRECATED_OBJC_IMPLEMENTATIONS = YES;
				CLANG_WARN_DIRECT_OBJC_ISA_USAGE = YES_ERROR;
				CLANG_WARN_DOCUMENTATION_COMMENTS = YES;
				CLANG_WARN_EMPTY_BODY = YES;
				CLANG_WARN_ENUM_CONVERSION = YES;
				CLANG_WARN_INFINITE_RECURSION = YES;
				CLANG_WARN_INT_CONVERSION = YES;
				CLANG_WARN_NON_LITERAL_NULL_CONVERSION = YES;
				CLANG_WARN_OBJC_IMPLICIT_RETAIN_SELF = YES;
				CLANG_WARN_OBJC_LITERAL_CONVERSION = YES;
				CLANG_WARN_OBJC_ROOT_CLASS = YES_ERROR;
				CLANG_WARN_QUOTED_INCLUDE_IN_FRAMEWORK_HEADER = YES;
				CLANG_WARN_RANGE_LOOP_ANALYSIS = YES;
				CLANG_WARN_STRICT_PROTOTYPES = YES;
				CLANG_WARN_SUSPICIOUS_MOVE = YES;
				CLANG_WARN_UNGUARDED_AVAILABILITY = YES_AGGRESSIVE;
				CLANG_WARN_UNREACHABLE_CODE = YES;
				CLANG_WARN__DUPLICATE_METHOD_MATCH = YES;
				COPY_PHASE_STRIP = NO;
				CURRENT_PROJECT_VERSION = 1;
				DEBUG_INFORMATION_FORMAT = "dwarf-with-dsym";
				ENABLE_NS_ASSERTIONS = NO;
				ENABLE_STRICT_OBJC_MSGSEND = YES;
				GCC_C_LANGUAGE_STANDARD = gnu11;
				GCC_NO_COMMON_BLOCKS = YES;
				GCC_WARN_64_TO_32_BIT_CONVERSION = YES;
				GCC_WARN_ABOUT_RETURN_TYPE = YES_ERROR;
				GCC_WARN_UNDECLARED_SELECTOR = YES;
				GCC_WARN_UNINITIALIZED_AUTOS = YES_AGGRESSIVE;
				GCC_WARN_UNUSED_FUNCTION = YES;
				GCC_WARN_UNUSED_VARIABLE = YES;
				MTL_ENABLE_DEBUG_INFO = NO;
				MTL_FAST_MATH = YES;
				SWIFT_COMPILATION_MODE = wholemodule;
				SWIFT_OPTIMIZATION_LEVEL = "-O";
				VERSIONING_SYSTEM = "apple-generic";
				VERSION_INFO_PREFIX = "";
			};
			name = Release;
		};
		2045F92129A46A0E009E17B5 /* Debug */ = {
			isa = XCBuildConfiguration;
			buildSettings = {
				CLANG_ENABLE_MODULES = YES;
				CODE_SIGN_STYLE = Automatic;
				CURRENT_PROJECT_VERSION = 1;
				DEFINES_MODULE = YES;
				DEVELOPMENT_TEAM = X7PX2RYRJL;
				DYLIB_COMPATIBILITY_VERSION = 1;
				DYLIB_CURRENT_VERSION = 1;
				DYLIB_INSTALL_NAME_BASE = "@rpath";
				GENERATE_INFOPLIST_FILE = YES;
				INFOPLIST_KEY_NSHumanReadableCopyright = "";
				INSTALL_PATH = "$(LOCAL_LIBRARY_DIR)/Frameworks";
				IPHONEOS_DEPLOYMENT_TARGET = 15.0;
				LD_RUNPATH_SEARCH_PATHS = (
					"@executable_path/Frameworks",
					"@loader_path/Frameworks",
				);
				"LD_RUNPATH_SEARCH_PATHS[sdk=macosx*]" = (
					"@executable_path/../Frameworks",
					"@loader_path/Frameworks",
				);
				MACOSX_DEPLOYMENT_TARGET = 13.0;
				MARKETING_VERSION = 1.0;
				PRODUCT_BUNDLE_IDENTIFIER = co.codeturnal.Games;
				PRODUCT_NAME = "$(TARGET_NAME:c99extidentifier)";
				SDKROOT = auto;
				SKIP_INSTALL = YES;
				SUPPORTED_PLATFORMS = "iphoneos iphonesimulator macosx";
				SWIFT_EMIT_LOC_STRINGS = YES;
				SWIFT_OPTIMIZATION_LEVEL = "-Onone";
				SWIFT_VERSION = 5.0;
				TARGETED_DEVICE_FAMILY = "1,2";
			};
			name = Debug;
		};
		2045F92229A46A0E009E17B5 /* Release */ = {
			isa = XCBuildConfiguration;
			buildSettings = {
				CLANG_ENABLE_MODULES = YES;
				CODE_SIGN_STYLE = Automatic;
				CURRENT_PROJECT_VERSION = 1;
				DEFINES_MODULE = YES;
				DEVELOPMENT_TEAM = X7PX2RYRJL;
				DYLIB_COMPATIBILITY_VERSION = 1;
				DYLIB_CURRENT_VERSION = 1;
				DYLIB_INSTALL_NAME_BASE = "@rpath";
				GENERATE_INFOPLIST_FILE = YES;
				INFOPLIST_KEY_NSHumanReadableCopyright = "";
				INSTALL_PATH = "$(LOCAL_LIBRARY_DIR)/Frameworks";
				IPHONEOS_DEPLOYMENT_TARGET = 15.0;
				LD_RUNPATH_SEARCH_PATHS = (
					"@executable_path/Frameworks",
					"@loader_path/Frameworks",
				);
				"LD_RUNPATH_SEARCH_PATHS[sdk=macosx*]" = (
					"@executable_path/../Frameworks",
					"@loader_path/Frameworks",
				);
				MACOSX_DEPLOYMENT_TARGET = 13.0;
				MARKETING_VERSION = 1.0;
				PRODUCT_BUNDLE_IDENTIFIER = co.codeturnal.Games;
				PRODUCT_NAME = "$(TARGET_NAME:c99extidentifier)";
				SDKROOT = auto;
				SKIP_INSTALL = YES;
				SUPPORTED_PLATFORMS = "iphoneos iphonesimulator macosx";
				SWIFT_EMIT_LOC_STRINGS = YES;
				SWIFT_VERSION = 5.0;
				TARGETED_DEVICE_FAMILY = "1,2";
			};
			name = Release;
		};
		2045F92429A46A0E009E17B5 /* Debug */ = {
			isa = XCBuildConfiguration;
			buildSettings = {
				ALWAYS_EMBED_SWIFT_STANDARD_LIBRARIES = YES;
				CODE_SIGN_STYLE = Automatic;
				CURRENT_PROJECT_VERSION = 1;
				DEVELOPMENT_TEAM = X7PX2RYRJL;
				GENERATE_INFOPLIST_FILE = YES;
				IPHONEOS_DEPLOYMENT_TARGET = 16.2;
				MACOSX_DEPLOYMENT_TARGET = 13.0;
				MARKETING_VERSION = 1.0;
				PRODUCT_BUNDLE_IDENTIFIER = co.codeturnal.GamesTests;
				PRODUCT_NAME = "$(TARGET_NAME)";
				SDKROOT = auto;
				SUPPORTED_PLATFORMS = "iphoneos iphonesimulator macosx";
				SWIFT_EMIT_LOC_STRINGS = NO;
				SWIFT_VERSION = 5.0;
				TARGETED_DEVICE_FAMILY = "1,2";
			};
			name = Debug;
		};
		2045F92529A46A0E009E17B5 /* Release */ = {
			isa = XCBuildConfiguration;
			buildSettings = {
				ALWAYS_EMBED_SWIFT_STANDARD_LIBRARIES = YES;
				CODE_SIGN_STYLE = Automatic;
				CURRENT_PROJECT_VERSION = 1;
				DEVELOPMENT_TEAM = X7PX2RYRJL;
				GENERATE_INFOPLIST_FILE = YES;
				IPHONEOS_DEPLOYMENT_TARGET = 16.2;
				MACOSX_DEPLOYMENT_TARGET = 13.0;
				MARKETING_VERSION = 1.0;
				PRODUCT_BUNDLE_IDENTIFIER = co.codeturnal.GamesTests;
				PRODUCT_NAME = "$(TARGET_NAME)";
				SDKROOT = auto;
				SUPPORTED_PLATFORMS = "iphoneos iphonesimulator macosx";
				SWIFT_EMIT_LOC_STRINGS = NO;
				SWIFT_VERSION = 5.0;
				TARGETED_DEVICE_FAMILY = "1,2";
			};
			name = Release;
		};
/* End XCBuildConfiguration section */

/* Begin XCConfigurationList section */
		2026495E29A704AD00347CB5 /* Build configuration list for PBXNativeTarget "Games App" */ = {
			isa = XCConfigurationList;
			buildConfigurations = (
				2026495829A704AD00347CB5 /* Debug */,
				2026495929A704AD00347CB5 /* Release */,
			);
			defaultConfigurationIsVisible = 0;
			defaultConfigurationName = Release;
		};
		2026495F29A704AD00347CB5 /* Build configuration list for PBXNativeTarget "Games AppTests" */ = {
			isa = XCConfigurationList;
			buildConfigurations = (
				2026495A29A704AD00347CB5 /* Debug */,
				2026495B29A704AD00347CB5 /* Release */,
			);
			defaultConfigurationIsVisible = 0;
			defaultConfigurationName = Release;
		};
		2026496029A704AD00347CB5 /* Build configuration list for PBXNativeTarget "Games AppUITests" */ = {
			isa = XCConfigurationList;
			buildConfigurations = (
				2026495C29A704AD00347CB5 /* Debug */,
				2026495D29A704AD00347CB5 /* Release */,
			);
			defaultConfigurationIsVisible = 0;
			defaultConfigurationName = Release;
		};
		2045F90629A46A0E009E17B5 /* Build configuration list for PBXProject "Games" */ = {
			isa = XCConfigurationList;
			buildConfigurations = (
				2045F91E29A46A0E009E17B5 /* Debug */,
				2045F91F29A46A0E009E17B5 /* Release */,
			);
			defaultConfigurationIsVisible = 0;
			defaultConfigurationName = Release;
		};
		2045F92029A46A0E009E17B5 /* Build configuration list for PBXNativeTarget "Games" */ = {
			isa = XCConfigurationList;
			buildConfigurations = (
				2045F92129A46A0E009E17B5 /* Debug */,
				2045F92229A46A0E009E17B5 /* Release */,
			);
			defaultConfigurationIsVisible = 0;
			defaultConfigurationName = Release;
		};
		2045F92329A46A0E009E17B5 /* Build configuration list for PBXNativeTarget "GamesTests" */ = {
			isa = XCConfigurationList;
			buildConfigurations = (
				2045F92429A46A0E009E17B5 /* Debug */,
				2045F92529A46A0E009E17B5 /* Release */,
			);
			defaultConfigurationIsVisible = 0;
			defaultConfigurationName = Release;
		};
/* End XCConfigurationList section */

/* Begin XCVersionGroup section */
		20212F8B29A6CE53000000F5 /* GameDetail.xcdatamodeld */ = {
			isa = XCVersionGroup;
			children = (
				20212F8C29A6CE53000000F5 /* GameDetail.xcdatamodel */,
			);
			currentVersion = 20212F8C29A6CE53000000F5 /* GameDetail.xcdatamodel */;
			path = GameDetail.xcdatamodeld;
			sourceTree = "<group>";
			versionGroupType = wrapper.xcdatamodel;
		};
		2026492229A6FDE900347CB5 /* ImageData.xcdatamodeld */ = {
			isa = XCVersionGroup;
			children = (
				2026492329A6FDE900347CB5 /* ImageData.xcdatamodel */,
			);
			currentVersion = 2026492329A6FDE900347CB5 /* ImageData.xcdatamodel */;
			path = ImageData.xcdatamodeld;
			sourceTree = "<group>";
			versionGroupType = wrapper.xcdatamodel;
		};
/* End XCVersionGroup section */
	};
	rootObject = 2045F90329A46A0E009E17B5 /* Project object */;
}
