// !$*UTF8*$!
{
	archiveVersion = 1;
	classes = {
	};
	objectVersion = 56;
	objects = {

/* Begin PBXBuildFile section */
		20212F3C29A5BF0D000000F5 /* HTTPClient.swift in Sources */ = {isa = PBXBuildFile; fileRef = 20212F3B29A5BF0D000000F5 /* HTTPClient.swift */; };
		20212F3E29A5BF4B000000F5 /* URLSessionHTTPClientTests.swift in Sources */ = {isa = PBXBuildFile; fileRef = 20212F3D29A5BF4B000000F5 /* URLSessionHTTPClientTests.swift */; };
		20212F4029A5BF6E000000F5 /* URLProtocolStub.swift in Sources */ = {isa = PBXBuildFile; fileRef = 20212F3F29A5BF6E000000F5 /* URLProtocolStub.swift */; };
		20212F4229A5BFA5000000F5 /* XCTestCase+Extension.swift in Sources */ = {isa = PBXBuildFile; fileRef = 20212F4129A5BFA5000000F5 /* XCTestCase+Extension.swift */; };
		20212F4429A5BFF1000000F5 /* URLSessionHTTPClient.swift in Sources */ = {isa = PBXBuildFile; fileRef = 20212F4329A5BFF1000000F5 /* URLSessionHTTPClient.swift */; };
		20212F4A29A5C3B7000000F5 /* GamesLoader.swift in Sources */ = {isa = PBXBuildFile; fileRef = 20212F4929A5C3B7000000F5 /* GamesLoader.swift */; };
		20212F4C29A5C430000000F5 /* GameItem.swift in Sources */ = {isa = PBXBuildFile; fileRef = 20212F4B29A5C430000000F5 /* GameItem.swift */; };
		20212F5129A5C77D000000F5 /* GamesEndpointTests.swift in Sources */ = {isa = PBXBuildFile; fileRef = 20212F5029A5C77D000000F5 /* GamesEndpointTests.swift */; };
		20212F5429A5CBE0000000F5 /* GamesEndpoint.swift in Sources */ = {isa = PBXBuildFile; fileRef = 20212F5329A5CBE0000000F5 /* GamesEndpoint.swift */; };
		20212F5629A5CC51000000F5 /* GamesItemsMapperTests.swift in Sources */ = {isa = PBXBuildFile; fileRef = 20212F5529A5CC51000000F5 /* GamesItemsMapperTests.swift */; };
		20212F5A29A5D168000000F5 /* SharedTestHelpers.swift in Sources */ = {isa = PBXBuildFile; fileRef = 20212F5929A5D168000000F5 /* SharedTestHelpers.swift */; };
		20212F5C29A5D3F4000000F5 /* GamesItemsMapper.swift in Sources */ = {isa = PBXBuildFile; fileRef = 20212F5B29A5D3F4000000F5 /* GamesItemsMapper.swift */; };
		20212F5E29A5D4CC000000F5 /* LoadGamesFromRemoteUseCaseTests.swift in Sources */ = {isa = PBXBuildFile; fileRef = 20212F5D29A5D4CC000000F5 /* LoadGamesFromRemoteUseCaseTests.swift */; };
		20212F6129A5D8B8000000F5 /* HTTPClientSpy.swift in Sources */ = {isa = PBXBuildFile; fileRef = 20212F6029A5D8B8000000F5 /* HTTPClientSpy.swift */; };
		20212F6829A5F85A000000F5 /* RemoteGamesLoader.swift in Sources */ = {isa = PBXBuildFile; fileRef = 20212F6729A5F85A000000F5 /* RemoteGamesLoader.swift */; };
		20212F6C29A5FADF000000F5 /* GameDetailLoader.swift in Sources */ = {isa = PBXBuildFile; fileRef = 20212F6B29A5FADF000000F5 /* GameDetailLoader.swift */; };
		20212F6E29A5FAE9000000F5 /* GameDetailItem.swift in Sources */ = {isa = PBXBuildFile; fileRef = 20212F6D29A5FAE9000000F5 /* GameDetailItem.swift */; };
		20212F7229A5FD88000000F5 /* GameDetailEndpoint.swift in Sources */ = {isa = PBXBuildFile; fileRef = 20212F7129A5FD88000000F5 /* GameDetailEndpoint.swift */; };
		20212F7529A5FDE7000000F5 /* GameDetailEndpointTests.swift in Sources */ = {isa = PBXBuildFile; fileRef = 20212F7429A5FDE7000000F5 /* GameDetailEndpointTests.swift */; };
		20212F7729A5FEBA000000F5 /* GameDetailItemsMapper.swift in Sources */ = {isa = PBXBuildFile; fileRef = 20212F7629A5FEBA000000F5 /* GameDetailItemsMapper.swift */; };
		20212F7929A601C1000000F5 /* GameDetailItemMapperTests.swift in Sources */ = {isa = PBXBuildFile; fileRef = 20212F7829A601C1000000F5 /* GameDetailItemMapperTests.swift */; };
		20212F7B29A606E5000000F5 /* RemoteGameDetailLoader.swift in Sources */ = {isa = PBXBuildFile; fileRef = 20212F7A29A606E5000000F5 /* RemoteGameDetailLoader.swift */; };
		20212F7D29A60FAE000000F5 /* LoadGamesDetailFromRemoteUseCaseTests.swift in Sources */ = {isa = PBXBuildFile; fileRef = 20212F7C29A60FAE000000F5 /* LoadGamesDetailFromRemoteUseCaseTests.swift */; };
		2045F91729A46A0E009E17B5 /* Games.framework in Frameworks */ = {isa = PBXBuildFile; fileRef = 2045F90C29A46A0E009E17B5 /* Games.framework */; };
/* End PBXBuildFile section */

/* Begin PBXContainerItemProxy section */
		2045F91829A46A0E009E17B5 /* PBXContainerItemProxy */ = {
			isa = PBXContainerItemProxy;
			containerPortal = 2045F90329A46A0E009E17B5 /* Project object */;
			proxyType = 1;
			remoteGlobalIDString = 2045F90B29A46A0E009E17B5;
			remoteInfo = Games;
		};
/* End PBXContainerItemProxy section */

/* Begin PBXFileReference section */
		20212F3929A51662000000F5 /* README.md */ = {isa = PBXFileReference; lastKnownFileType = net.daringfireball.markdown; path = README.md; sourceTree = "<group>"; };
		20212F3B29A5BF0D000000F5 /* HTTPClient.swift */ = {isa = PBXFileReference; lastKnownFileType = sourcecode.swift; path = HTTPClient.swift; sourceTree = "<group>"; };
		20212F3D29A5BF4B000000F5 /* URLSessionHTTPClientTests.swift */ = {isa = PBXFileReference; lastKnownFileType = sourcecode.swift; path = URLSessionHTTPClientTests.swift; sourceTree = "<group>"; };
		20212F3F29A5BF6E000000F5 /* URLProtocolStub.swift */ = {isa = PBXFileReference; lastKnownFileType = sourcecode.swift; path = URLProtocolStub.swift; sourceTree = "<group>"; };
		20212F4129A5BFA5000000F5 /* XCTestCase+Extension.swift */ = {isa = PBXFileReference; lastKnownFileType = sourcecode.swift; path = "XCTestCase+Extension.swift"; sourceTree = "<group>"; };
		20212F4329A5BFF1000000F5 /* URLSessionHTTPClient.swift */ = {isa = PBXFileReference; lastKnownFileType = sourcecode.swift; path = URLSessionHTTPClient.swift; sourceTree = "<group>"; };
		20212F4929A5C3B7000000F5 /* GamesLoader.swift */ = {isa = PBXFileReference; lastKnownFileType = sourcecode.swift; path = GamesLoader.swift; sourceTree = "<group>"; };
		20212F4B29A5C430000000F5 /* GameItem.swift */ = {isa = PBXFileReference; lastKnownFileType = sourcecode.swift; path = GameItem.swift; sourceTree = "<group>"; };
		20212F5029A5C77D000000F5 /* GamesEndpointTests.swift */ = {isa = PBXFileReference; lastKnownFileType = sourcecode.swift; path = GamesEndpointTests.swift; sourceTree = "<group>"; };
		20212F5329A5CBE0000000F5 /* GamesEndpoint.swift */ = {isa = PBXFileReference; lastKnownFileType = sourcecode.swift; path = GamesEndpoint.swift; sourceTree = "<group>"; };
		20212F5529A5CC51000000F5 /* GamesItemsMapperTests.swift */ = {isa = PBXFileReference; lastKnownFileType = sourcecode.swift; path = GamesItemsMapperTests.swift; sourceTree = "<group>"; };
		20212F5929A5D168000000F5 /* SharedTestHelpers.swift */ = {isa = PBXFileReference; lastKnownFileType = sourcecode.swift; path = SharedTestHelpers.swift; sourceTree = "<group>"; };
		20212F5B29A5D3F4000000F5 /* GamesItemsMapper.swift */ = {isa = PBXFileReference; lastKnownFileType = sourcecode.swift; path = GamesItemsMapper.swift; sourceTree = "<group>"; };
		20212F5D29A5D4CC000000F5 /* LoadGamesFromRemoteUseCaseTests.swift */ = {isa = PBXFileReference; lastKnownFileType = sourcecode.swift; path = LoadGamesFromRemoteUseCaseTests.swift; sourceTree = "<group>"; };
		20212F6029A5D8B8000000F5 /* HTTPClientSpy.swift */ = {isa = PBXFileReference; lastKnownFileType = sourcecode.swift; path = HTTPClientSpy.swift; sourceTree = "<group>"; };
		20212F6729A5F85A000000F5 /* RemoteGamesLoader.swift */ = {isa = PBXFileReference; lastKnownFileType = sourcecode.swift; path = RemoteGamesLoader.swift; sourceTree = "<group>"; };
		20212F6B29A5FADF000000F5 /* GameDetailLoader.swift */ = {isa = PBXFileReference; lastKnownFileType = sourcecode.swift; path = GameDetailLoader.swift; sourceTree = "<group>"; };
		20212F6D29A5FAE9000000F5 /* GameDetailItem.swift */ = {isa = PBXFileReference; lastKnownFileType = sourcecode.swift; path = GameDetailItem.swift; sourceTree = "<group>"; };
		20212F7129A5FD88000000F5 /* GameDetailEndpoint.swift */ = {isa = PBXFileReference; lastKnownFileType = sourcecode.swift; path = GameDetailEndpoint.swift; sourceTree = "<group>"; };
		20212F7429A5FDE7000000F5 /* GameDetailEndpointTests.swift */ = {isa = PBXFileReference; lastKnownFileType = sourcecode.swift; path = GameDetailEndpointTests.swift; sourceTree = "<group>"; };
		20212F7629A5FEBA000000F5 /* GameDetailItemsMapper.swift */ = {isa = PBXFileReference; lastKnownFileType = sourcecode.swift; path = GameDetailItemsMapper.swift; sourceTree = "<group>"; };
		20212F7829A601C1000000F5 /* GameDetailItemMapperTests.swift */ = {isa = PBXFileReference; lastKnownFileType = sourcecode.swift; path = GameDetailItemMapperTests.swift; sourceTree = "<group>"; };
		20212F7A29A606E5000000F5 /* RemoteGameDetailLoader.swift */ = {isa = PBXFileReference; lastKnownFileType = sourcecode.swift; path = RemoteGameDetailLoader.swift; sourceTree = "<group>"; };
		20212F7C29A60FAE000000F5 /* LoadGamesDetailFromRemoteUseCaseTests.swift */ = {isa = PBXFileReference; lastKnownFileType = sourcecode.swift; path = LoadGamesDetailFromRemoteUseCaseTests.swift; sourceTree = "<group>"; };
		2045F90C29A46A0E009E17B5 /* Games.framework */ = {isa = PBXFileReference; explicitFileType = wrapper.framework; includeInIndex = 0; path = Games.framework; sourceTree = BUILT_PRODUCTS_DIR; };
		2045F91629A46A0E009E17B5 /* GamesTests.xctest */ = {isa = PBXFileReference; explicitFileType = wrapper.cfbundle; includeInIndex = 0; path = GamesTests.xctest; sourceTree = BUILT_PRODUCTS_DIR; };
/* End PBXFileReference section */

/* Begin PBXFrameworksBuildPhase section */
		2045F90929A46A0E009E17B5 /* Frameworks */ = {
			isa = PBXFrameworksBuildPhase;
			buildActionMask = 2147483647;
			files = (
			);
			runOnlyForDeploymentPostprocessing = 0;
		};
		2045F91329A46A0E009E17B5 /* Frameworks */ = {
			isa = PBXFrameworksBuildPhase;
			buildActionMask = 2147483647;
			files = (
				2045F91729A46A0E009E17B5 /* Games.framework in Frameworks */,
			);
			runOnlyForDeploymentPostprocessing = 0;
		};
/* End PBXFrameworksBuildPhase section */

/* Begin PBXGroup section */
		20212F3A29A5BEFA000000F5 /* HTTPClient */ = {
			isa = PBXGroup;
			children = (
				20212F3B29A5BF0D000000F5 /* HTTPClient.swift */,
				20212F4329A5BFF1000000F5 /* URLSessionHTTPClient.swift */,
			);
			path = HTTPClient;
			sourceTree = "<group>";
		};
		20212F4529A5C0D7000000F5 /* HTTP Client Tests */ = {
			isa = PBXGroup;
			children = (
				20212F3D29A5BF4B000000F5 /* URLSessionHTTPClientTests.swift */,
				20212F3F29A5BF6E000000F5 /* URLProtocolStub.swift */,
			);
			path = "HTTP Client Tests";
			sourceTree = "<group>";
		};
		20212F4629A5C0FE000000F5 /* Helpers */ = {
			isa = PBXGroup;
			children = (
				20212F4129A5BFA5000000F5 /* XCTestCase+Extension.swift */,
				20212F5929A5D168000000F5 /* SharedTestHelpers.swift */,
				20212F6029A5D8B8000000F5 /* HTTPClientSpy.swift */,
			);
			path = Helpers;
			sourceTree = "<group>";
		};
		20212F4829A5C36B000000F5 /* Games Feature */ = {
			isa = PBXGroup;
			children = (
				20212F5229A5CBD3000000F5 /* Games API */,
				20212F4929A5C3B7000000F5 /* GamesLoader.swift */,
				20212F4B29A5C430000000F5 /* GameItem.swift */,
			);
			path = "Games Feature";
			sourceTree = "<group>";
		};
		20212F4D29A5C54E000000F5 /* Games API */ = {
			isa = PBXGroup;
			children = (
				20212F5029A5C77D000000F5 /* GamesEndpointTests.swift */,
				20212F5529A5CC51000000F5 /* GamesItemsMapperTests.swift */,
				20212F5D29A5D4CC000000F5 /* LoadGamesFromRemoteUseCaseTests.swift */,
			);
			path = "Games API";
			sourceTree = "<group>";
		};
		20212F5229A5CBD3000000F5 /* Games API */ = {
			isa = PBXGroup;
			children = (
				20212F5329A5CBE0000000F5 /* GamesEndpoint.swift */,
				20212F5B29A5D3F4000000F5 /* GamesItemsMapper.swift */,
				20212F6729A5F85A000000F5 /* RemoteGamesLoader.swift */,
			);
			path = "Games API";
			sourceTree = "<group>";
		};
		20212F6929A5FAC3000000F5 /* Game Detail Feature */ = {
			isa = PBXGroup;
			children = (
				20212F7029A5FD5B000000F5 /* Game Detail API */,
				20212F6B29A5FADF000000F5 /* GameDetailLoader.swift */,
				20212F6D29A5FAE9000000F5 /* GameDetailItem.swift */,
			);
			path = "Game Detail Feature";
			sourceTree = "<group>";
		};
		20212F7029A5FD5B000000F5 /* Game Detail API */ = {
			isa = PBXGroup;
			children = (
				20212F7129A5FD88000000F5 /* GameDetailEndpoint.swift */,
				20212F7629A5FEBA000000F5 /* GameDetailItemsMapper.swift */,
				20212F7A29A606E5000000F5 /* RemoteGameDetailLoader.swift */,
			);
			path = "Game Detail API";
			sourceTree = "<group>";
		};
		20212F7329A5FDDA000000F5 /* Game Detail API */ = {
			isa = PBXGroup;
			children = (
				20212F7429A5FDE7000000F5 /* GameDetailEndpointTests.swift */,
				20212F7829A601C1000000F5 /* GameDetailItemMapperTests.swift */,
				20212F7C29A60FAE000000F5 /* LoadGamesDetailFromRemoteUseCaseTests.swift */,
			);
			path = "Game Detail API";
			sourceTree = "<group>";
		};
		2045F90229A46A0E009E17B5 = {
			isa = PBXGroup;
			children = (
				20212F3929A51662000000F5 /* README.md */,
				2045F90E29A46A0E009E17B5 /* Games */,
				2045F91A29A46A0E009E17B5 /* GamesTests */,
				2045F90D29A46A0E009E17B5 /* Products */,
			);
			sourceTree = "<group>";
		};
		2045F90D29A46A0E009E17B5 /* Products */ = {
			isa = PBXGroup;
			children = (
				2045F90C29A46A0E009E17B5 /* Games.framework */,
				2045F91629A46A0E009E17B5 /* GamesTests.xctest */,
			);
			name = Products;
			sourceTree = "<group>";
		};
		2045F90E29A46A0E009E17B5 /* Games */ = {
			isa = PBXGroup;
			children = (
				20212F6929A5FAC3000000F5 /* Game Detail Feature */,
				20212F4829A5C36B000000F5 /* Games Feature */,
				20212F3A29A5BEFA000000F5 /* HTTPClient */,
			);
			path = Games;
			sourceTree = "<group>";
		};
		2045F91A29A46A0E009E17B5 /* GamesTests */ = {
			isa = PBXGroup;
			children = (
				20212F4629A5C0FE000000F5 /* Helpers */,
				20212F7329A5FDDA000000F5 /* Game Detail API */,
				20212F4D29A5C54E000000F5 /* Games API */,
				20212F4529A5C0D7000000F5 /* HTTP Client Tests */,
			);
			path = GamesTests;
			sourceTree = "<group>";
		};
/* End PBXGroup section */

/* Begin PBXHeadersBuildPhase section */
		2045F90729A46A0E009E17B5 /* Headers */ = {
			isa = PBXHeadersBuildPhase;
			buildActionMask = 2147483647;
			files = (
			);
			runOnlyForDeploymentPostprocessing = 0;
		};
/* End PBXHeadersBuildPhase section */

/* Begin PBXNativeTarget section */
		2045F90B29A46A0E009E17B5 /* Games */ = {
			isa = PBXNativeTarget;
			buildConfigurationList = 2045F92029A46A0E009E17B5 /* Build configuration list for PBXNativeTarget "Games" */;
			buildPhases = (
				2045F90729A46A0E009E17B5 /* Headers */,
				2045F90829A46A0E009E17B5 /* Sources */,
				2045F90929A46A0E009E17B5 /* Frameworks */,
				2045F90A29A46A0E009E17B5 /* Resources */,
			);
			buildRules = (
			);
			dependencies = (
			);
			name = Games;
			productName = Games;
			productReference = 2045F90C29A46A0E009E17B5 /* Games.framework */;
			productType = "com.apple.product-type.framework";
		};
		2045F91529A46A0E009E17B5 /* GamesTests */ = {
			isa = PBXNativeTarget;
			buildConfigurationList = 2045F92329A46A0E009E17B5 /* Build configuration list for PBXNativeTarget "GamesTests" */;
			buildPhases = (
				2045F91229A46A0E009E17B5 /* Sources */,
				2045F91329A46A0E009E17B5 /* Frameworks */,
				2045F91429A46A0E009E17B5 /* Resources */,
			);
			buildRules = (
			);
			dependencies = (
				2045F91929A46A0E009E17B5 /* PBXTargetDependency */,
			);
			name = GamesTests;
			productName = GamesTests;
			productReference = 2045F91629A46A0E009E17B5 /* GamesTests.xctest */;
			productType = "com.apple.product-type.bundle.unit-test";
		};
/* End PBXNativeTarget section */

/* Begin PBXProject section */
		2045F90329A46A0E009E17B5 /* Project object */ = {
			isa = PBXProject;
			attributes = {
				BuildIndependentTargetsInParallel = 1;
				LastSwiftUpdateCheck = 1420;
				LastUpgradeCheck = 1420;
				TargetAttributes = {
					2045F90B29A46A0E009E17B5 = {
						CreatedOnToolsVersion = 14.2;
						LastSwiftMigration = 1420;
					};
					2045F91529A46A0E009E17B5 = {
						CreatedOnToolsVersion = 14.2;
					};
				};
			};
			buildConfigurationList = 2045F90629A46A0E009E17B5 /* Build configuration list for PBXProject "Games" */;
			compatibilityVersion = "Xcode 14.0";
			developmentRegion = en;
			hasScannedForEncodings = 0;
			knownRegions = (
				en,
				Base,
			);
			mainGroup = 2045F90229A46A0E009E17B5;
			productRefGroup = 2045F90D29A46A0E009E17B5 /* Products */;
			projectDirPath = "";
			projectRoot = "";
			targets = (
				2045F90B29A46A0E009E17B5 /* Games */,
				2045F91529A46A0E009E17B5 /* GamesTests */,
			);
		};
/* End PBXProject section */

/* Begin PBXResourcesBuildPhase section */
		2045F90A29A46A0E009E17B5 /* Resources */ = {
			isa = PBXResourcesBuildPhase;
			buildActionMask = 2147483647;
			files = (
			);
			runOnlyForDeploymentPostprocessing = 0;
		};
		2045F91429A46A0E009E17B5 /* Resources */ = {
			isa = PBXResourcesBuildPhase;
			buildActionMask = 2147483647;
			files = (
			);
			runOnlyForDeploymentPostprocessing = 0;
		};
/* End PBXResourcesBuildPhase section */

/* Begin PBXSourcesBuildPhase section */
		2045F90829A46A0E009E17B5 /* Sources */ = {
			isa = PBXSourcesBuildPhase;
			buildActionMask = 2147483647;
			files = (
				20212F6829A5F85A000000F5 /* RemoteGamesLoader.swift in Sources */,
				20212F6C29A5FADF000000F5 /* GameDetailLoader.swift in Sources */,
				20212F6E29A5FAE9000000F5 /* GameDetailItem.swift in Sources */,
				20212F3C29A5BF0D000000F5 /* HTTPClient.swift in Sources */,
				20212F4429A5BFF1000000F5 /* URLSessionHTTPClient.swift in Sources */,
				20212F5429A5CBE0000000F5 /* GamesEndpoint.swift in Sources */,
				20212F5C29A5D3F4000000F5 /* GamesItemsMapper.swift in Sources */,
				20212F4C29A5C430000000F5 /* GameItem.swift in Sources */,
				20212F4A29A5C3B7000000F5 /* GamesLoader.swift in Sources */,
				20212F7729A5FEBA000000F5 /* GameDetailItemsMapper.swift in Sources */,
				20212F7229A5FD88000000F5 /* GameDetailEndpoint.swift in Sources */,
				20212F7B29A606E5000000F5 /* RemoteGameDetailLoader.swift in Sources */,
			);
			runOnlyForDeploymentPostprocessing = 0;
		};
		2045F91229A46A0E009E17B5 /* Sources */ = {
			isa = PBXSourcesBuildPhase;
			buildActionMask = 2147483647;
			files = (
				20212F7D29A60FAE000000F5 /* LoadGamesDetailFromRemoteUseCaseTests.swift in Sources */,
				20212F5E29A5D4CC000000F5 /* LoadGamesFromRemoteUseCaseTests.swift in Sources */,
				20212F6129A5D8B8000000F5 /* HTTPClientSpy.swift in Sources */,
				20212F5129A5C77D000000F5 /* GamesEndpointTests.swift in Sources */,
				20212F7529A5FDE7000000F5 /* GameDetailEndpointTests.swift in Sources */,
				20212F4229A5BFA5000000F5 /* XCTestCase+Extension.swift in Sources */,
				20212F5A29A5D168000000F5 /* SharedTestHelpers.swift in Sources */,
				20212F5629A5CC51000000F5 /* GamesItemsMapperTests.swift in Sources */,
				20212F3E29A5BF4B000000F5 /* URLSessionHTTPClientTests.swift in Sources */,
				20212F7929A601C1000000F5 /* GameDetailItemMapperTests.swift in Sources */,
				20212F4029A5BF6E000000F5 /* URLProtocolStub.swift in Sources */,
			);
			runOnlyForDeploymentPostprocessing = 0;
		};
/* End PBXSourcesBuildPhase section */

/* Begin PBXTargetDependency section */
		2045F91929A46A0E009E17B5 /* PBXTargetDependency */ = {
			isa = PBXTargetDependency;
			target = 2045F90B29A46A0E009E17B5 /* Games */;
			targetProxy = 2045F91829A46A0E009E17B5 /* PBXContainerItemProxy */;
		};
/* End PBXTargetDependency section */

/* Begin XCBuildConfiguration section */
		2045F91E29A46A0E009E17B5 /* Debug */ = {
			isa = XCBuildConfiguration;
			buildSettings = {
				ALWAYS_SEARCH_USER_PATHS = NO;
				CLANG_ANALYZER_NONNULL = YES;
				CLANG_ANALYZER_NUMBER_OBJECT_CONVERSION = YES_AGGRESSIVE;
				CLANG_CXX_LANGUAGE_STANDARD = "gnu++20";
				CLANG_ENABLE_MODULES = YES;
				CLANG_ENABLE_OBJC_ARC = YES;
				CLANG_ENABLE_OBJC_WEAK = YES;
				CLANG_WARN_BLOCK_CAPTURE_AUTORELEASING = YES;
				CLANG_WARN_BOOL_CONVERSION = YES;
				CLANG_WARN_COMMA = YES;
				CLANG_WARN_CONSTANT_CONVERSION = YES;
				CLANG_WARN_DEPRECATED_OBJC_IMPLEMENTATIONS = YES;
				CLANG_WARN_DIRECT_OBJC_ISA_USAGE = YES_ERROR;
				CLANG_WARN_DOCUMENTATION_COMMENTS = YES;
				CLANG_WARN_EMPTY_BODY = YES;
				CLANG_WARN_ENUM_CONVERSION = YES;
				CLANG_WARN_INFINITE_RECURSION = YES;
				CLANG_WARN_INT_CONVERSION = YES;
				CLANG_WARN_NON_LITERAL_NULL_CONVERSION = YES;
				CLANG_WARN_OBJC_IMPLICIT_RETAIN_SELF = YES;
				CLANG_WARN_OBJC_LITERAL_CONVERSION = YES;
				CLANG_WARN_OBJC_ROOT_CLASS = YES_ERROR;
				CLANG_WARN_QUOTED_INCLUDE_IN_FRAMEWORK_HEADER = YES;
				CLANG_WARN_RANGE_LOOP_ANALYSIS = YES;
				CLANG_WARN_STRICT_PROTOTYPES = YES;
				CLANG_WARN_SUSPICIOUS_MOVE = YES;
				CLANG_WARN_UNGUARDED_AVAILABILITY = YES_AGGRESSIVE;
				CLANG_WARN_UNREACHABLE_CODE = YES;
				CLANG_WARN__DUPLICATE_METHOD_MATCH = YES;
				COPY_PHASE_STRIP = NO;
				CURRENT_PROJECT_VERSION = 1;
				DEBUG_INFORMATION_FORMAT = dwarf;
				ENABLE_STRICT_OBJC_MSGSEND = YES;
				ENABLE_TESTABILITY = YES;
				GCC_C_LANGUAGE_STANDARD = gnu11;
				GCC_DYNAMIC_NO_PIC = NO;
				GCC_NO_COMMON_BLOCKS = YES;
				GCC_OPTIMIZATION_LEVEL = 0;
				GCC_PREPROCESSOR_DEFINITIONS = (
					"DEBUG=1",
					"$(inherited)",
				);
				GCC_WARN_64_TO_32_BIT_CONVERSION = YES;
				GCC_WARN_ABOUT_RETURN_TYPE = YES_ERROR;
				GCC_WARN_UNDECLARED_SELECTOR = YES;
				GCC_WARN_UNINITIALIZED_AUTOS = YES_AGGRESSIVE;
				GCC_WARN_UNUSED_FUNCTION = YES;
				GCC_WARN_UNUSED_VARIABLE = YES;
				MTL_ENABLE_DEBUG_INFO = INCLUDE_SOURCE;
				MTL_FAST_MATH = YES;
				ONLY_ACTIVE_ARCH = YES;
				SWIFT_ACTIVE_COMPILATION_CONDITIONS = DEBUG;
				SWIFT_OPTIMIZATION_LEVEL = "-Onone";
				VERSIONING_SYSTEM = "apple-generic";
				VERSION_INFO_PREFIX = "";
			};
			name = Debug;
		};
		2045F91F29A46A0E009E17B5 /* Release */ = {
			isa = XCBuildConfiguration;
			buildSettings = {
				ALWAYS_SEARCH_USER_PATHS = NO;
				CLANG_ANALYZER_NONNULL = YES;
				CLANG_ANALYZER_NUMBER_OBJECT_CONVERSION = YES_AGGRESSIVE;
				CLANG_CXX_LANGUAGE_STANDARD = "gnu++20";
				CLANG_ENABLE_MODULES = YES;
				CLANG_ENABLE_OBJC_ARC = YES;
				CLANG_ENABLE_OBJC_WEAK = YES;
				CLANG_WARN_BLOCK_CAPTURE_AUTORELEASING = YES;
				CLANG_WARN_BOOL_CONVERSION = YES;
				CLANG_WARN_COMMA = YES;
				CLANG_WARN_CONSTANT_CONVERSION = YES;
				CLANG_WARN_DEPRECATED_OBJC_IMPLEMENTATIONS = YES;
				CLANG_WARN_DIRECT_OBJC_ISA_USAGE = YES_ERROR;
				CLANG_WARN_DOCUMENTATION_COMMENTS = YES;
				CLANG_WARN_EMPTY_BODY = YES;
				CLANG_WARN_ENUM_CONVERSION = YES;
				CLANG_WARN_INFINITE_RECURSION = YES;
				CLANG_WARN_INT_CONVERSION = YES;
				CLANG_WARN_NON_LITERAL_NULL_CONVERSION = YES;
				CLANG_WARN_OBJC_IMPLICIT_RETAIN_SELF = YES;
				CLANG_WARN_OBJC_LITERAL_CONVERSION = YES;
				CLANG_WARN_OBJC_ROOT_CLASS = YES_ERROR;
				CLANG_WARN_QUOTED_INCLUDE_IN_FRAMEWORK_HEADER = YES;
				CLANG_WARN_RANGE_LOOP_ANALYSIS = YES;
				CLANG_WARN_STRICT_PROTOTYPES = YES;
				CLANG_WARN_SUSPICIOUS_MOVE = YES;
				CLANG_WARN_UNGUARDED_AVAILABILITY = YES_AGGRESSIVE;
				CLANG_WARN_UNREACHABLE_CODE = YES;
				CLANG_WARN__DUPLICATE_METHOD_MATCH = YES;
				COPY_PHASE_STRIP = NO;
				CURRENT_PROJECT_VERSION = 1;
				DEBUG_INFORMATION_FORMAT = "dwarf-with-dsym";
				ENABLE_NS_ASSERTIONS = NO;
				ENABLE_STRICT_OBJC_MSGSEND = YES;
				GCC_C_LANGUAGE_STANDARD = gnu11;
				GCC_NO_COMMON_BLOCKS = YES;
				GCC_WARN_64_TO_32_BIT_CONVERSION = YES;
				GCC_WARN_ABOUT_RETURN_TYPE = YES_ERROR;
				GCC_WARN_UNDECLARED_SELECTOR = YES;
				GCC_WARN_UNINITIALIZED_AUTOS = YES_AGGRESSIVE;
				GCC_WARN_UNUSED_FUNCTION = YES;
				GCC_WARN_UNUSED_VARIABLE = YES;
				MTL_ENABLE_DEBUG_INFO = NO;
				MTL_FAST_MATH = YES;
				SWIFT_COMPILATION_MODE = wholemodule;
				SWIFT_OPTIMIZATION_LEVEL = "-O";
				VERSIONING_SYSTEM = "apple-generic";
				VERSION_INFO_PREFIX = "";
			};
			name = Release;
		};
		2045F92129A46A0E009E17B5 /* Debug */ = {
			isa = XCBuildConfiguration;
			buildSettings = {
				CLANG_ENABLE_MODULES = YES;
				CODE_SIGN_STYLE = Automatic;
				CURRENT_PROJECT_VERSION = 1;
				DEFINES_MODULE = YES;
				DEVELOPMENT_TEAM = X7PX2RYRJL;
				DYLIB_COMPATIBILITY_VERSION = 1;
				DYLIB_CURRENT_VERSION = 1;
				DYLIB_INSTALL_NAME_BASE = "@rpath";
				GENERATE_INFOPLIST_FILE = YES;
				INFOPLIST_KEY_NSHumanReadableCopyright = "";
				INSTALL_PATH = "$(LOCAL_LIBRARY_DIR)/Frameworks";
				IPHONEOS_DEPLOYMENT_TARGET = 15.0;
				LD_RUNPATH_SEARCH_PATHS = (
					"@executable_path/Frameworks",
					"@loader_path/Frameworks",
				);
				"LD_RUNPATH_SEARCH_PATHS[sdk=macosx*]" = (
					"@executable_path/../Frameworks",
					"@loader_path/Frameworks",
				);
				MACOSX_DEPLOYMENT_TARGET = 13.0;
				MARKETING_VERSION = 1.0;
				PRODUCT_BUNDLE_IDENTIFIER = co.codeturnal.Games;
				PRODUCT_NAME = "$(TARGET_NAME:c99extidentifier)";
				SDKROOT = auto;
				SKIP_INSTALL = YES;
				SUPPORTED_PLATFORMS = "iphoneos iphonesimulator macosx";
				SWIFT_EMIT_LOC_STRINGS = YES;
				SWIFT_OPTIMIZATION_LEVEL = "-Onone";
				SWIFT_VERSION = 5.0;
				TARGETED_DEVICE_FAMILY = "1,2";
			};
			name = Debug;
		};
		2045F92229A46A0E009E17B5 /* Release */ = {
			isa = XCBuildConfiguration;
			buildSettings = {
				CLANG_ENABLE_MODULES = YES;
				CODE_SIGN_STYLE = Automatic;
				CURRENT_PROJECT_VERSION = 1;
				DEFINES_MODULE = YES;
				DEVELOPMENT_TEAM = X7PX2RYRJL;
				DYLIB_COMPATIBILITY_VERSION = 1;
				DYLIB_CURRENT_VERSION = 1;
				DYLIB_INSTALL_NAME_BASE = "@rpath";
				GENERATE_INFOPLIST_FILE = YES;
				INFOPLIST_KEY_NSHumanReadableCopyright = "";
				INSTALL_PATH = "$(LOCAL_LIBRARY_DIR)/Frameworks";
				IPHONEOS_DEPLOYMENT_TARGET = 15.0;
				LD_RUNPATH_SEARCH_PATHS = (
					"@executable_path/Frameworks",
					"@loader_path/Frameworks",
				);
				"LD_RUNPATH_SEARCH_PATHS[sdk=macosx*]" = (
					"@executable_path/../Frameworks",
					"@loader_path/Frameworks",
				);
				MACOSX_DEPLOYMENT_TARGET = 13.0;
				MARKETING_VERSION = 1.0;
				PRODUCT_BUNDLE_IDENTIFIER = co.codeturnal.Games;
				PRODUCT_NAME = "$(TARGET_NAME:c99extidentifier)";
				SDKROOT = auto;
				SKIP_INSTALL = YES;
				SUPPORTED_PLATFORMS = "iphoneos iphonesimulator macosx";
				SWIFT_EMIT_LOC_STRINGS = YES;
				SWIFT_VERSION = 5.0;
				TARGETED_DEVICE_FAMILY = "1,2";
			};
			name = Release;
		};
		2045F92429A46A0E009E17B5 /* Debug */ = {
			isa = XCBuildConfiguration;
			buildSettings = {
				ALWAYS_EMBED_SWIFT_STANDARD_LIBRARIES = YES;
				CODE_SIGN_STYLE = Automatic;
				CURRENT_PROJECT_VERSION = 1;
				DEVELOPMENT_TEAM = X7PX2RYRJL;
				GENERATE_INFOPLIST_FILE = YES;
				IPHONEOS_DEPLOYMENT_TARGET = 16.2;
				MACOSX_DEPLOYMENT_TARGET = 13.0;
				MARKETING_VERSION = 1.0;
				PRODUCT_BUNDLE_IDENTIFIER = co.codeturnal.GamesTests;
				PRODUCT_NAME = "$(TARGET_NAME)";
				SDKROOT = auto;
				SUPPORTED_PLATFORMS = "iphoneos iphonesimulator macosx";
				SWIFT_EMIT_LOC_STRINGS = NO;
				SWIFT_VERSION = 5.0;
				TARGETED_DEVICE_FAMILY = "1,2";
			};
			name = Debug;
		};
		2045F92529A46A0E009E17B5 /* Release */ = {
			isa = XCBuildConfiguration;
			buildSettings = {
				ALWAYS_EMBED_SWIFT_STANDARD_LIBRARIES = YES;
				CODE_SIGN_STYLE = Automatic;
				CURRENT_PROJECT_VERSION = 1;
				DEVELOPMENT_TEAM = X7PX2RYRJL;
				GENERATE_INFOPLIST_FILE = YES;
				IPHONEOS_DEPLOYMENT_TARGET = 16.2;
				MACOSX_DEPLOYMENT_TARGET = 13.0;
				MARKETING_VERSION = 1.0;
				PRODUCT_BUNDLE_IDENTIFIER = co.codeturnal.GamesTests;
				PRODUCT_NAME = "$(TARGET_NAME)";
				SDKROOT = auto;
				SUPPORTED_PLATFORMS = "iphoneos iphonesimulator macosx";
				SWIFT_EMIT_LOC_STRINGS = NO;
				SWIFT_VERSION = 5.0;
				TARGETED_DEVICE_FAMILY = "1,2";
			};
			name = Release;
		};
/* End XCBuildConfiguration section */

/* Begin XCConfigurationList section */
		2045F90629A46A0E009E17B5 /* Build configuration list for PBXProject "Games" */ = {
			isa = XCConfigurationList;
			buildConfigurations = (
				2045F91E29A46A0E009E17B5 /* Debug */,
				2045F91F29A46A0E009E17B5 /* Release */,
			);
			defaultConfigurationIsVisible = 0;
			defaultConfigurationName = Release;
		};
		2045F92029A46A0E009E17B5 /* Build configuration list for PBXNativeTarget "Games" */ = {
			isa = XCConfigurationList;
			buildConfigurations = (
				2045F92129A46A0E009E17B5 /* Debug */,
				2045F92229A46A0E009E17B5 /* Release */,
			);
			defaultConfigurationIsVisible = 0;
			defaultConfigurationName = Release;
		};
		2045F92329A46A0E009E17B5 /* Build configuration list for PBXNativeTarget "GamesTests" */ = {
			isa = XCConfigurationList;
			buildConfigurations = (
				2045F92429A46A0E009E17B5 /* Debug */,
				2045F92529A46A0E009E17B5 /* Release */,
			);
			defaultConfigurationIsVisible = 0;
			defaultConfigurationName = Release;
		};
/* End XCConfigurationList section */
	};
	rootObject = 2045F90329A46A0E009E17B5 /* Project object */;
}
